<?xml version="1.0" encoding="UTF-8"?>
<CodeBlocks_project_file>
	<FileVersion major="1" minor="6"/>
	<Project>
		<Option title="c__"/>
		<Option makefile_is_custom="1"/>
		<Option compiler="gcc"/>
		<Option virtualFolders="CMake Files\;"/>
		<Build>
			<Target title="all">
				<Option working_dir="/Users/katsukiniwa/playground/abc-practice/c++"/>
				<Option type="4"/>
				<MakeCommands>
					<Build command="/usr/bin/make -j12 -f &quot;/Users/katsukiniwa/playground/abc-practice/c++/Makefile&quot;  VERBOSE=1 all"/>
					<CompileFile command="/usr/bin/make -j12 -f &quot;/Users/katsukiniwa/playground/abc-practice/c++/Makefile&quot;  VERBOSE=1 &quot;$file&quot;"/>
					<Clean command="/usr/bin/make -j12 -f &quot;/Users/katsukiniwa/playground/abc-practice/c++/Makefile&quot;  VERBOSE=1 clean"/>
					<DistClean command="/usr/bin/make -j12 -f &quot;/Users/katsukiniwa/playground/abc-practice/c++/Makefile&quot;  VERBOSE=1 clean"/>
				</MakeCommands>
			</Target>
			<Target title="exhaustive-search">
				<Option output="/Users/katsukiniwa/playground/abc-practice/c++/exhaustive-search" prefix_auto="0" extension_auto="0"/>
				<Option working_dir="/Users/katsukiniwa/playground/abc-practice/c++"/>
				<Option object_output="./"/>
				<Option type="1"/>
				<Option compiler="gcc"/>
				<Compiler>
					<Add directory="/Applications/Xcode.app/Contents/Developer/Toolchains/XcodeDefault.xctoolchain/usr/bin/../include/c++/v1"/>
					<Add directory="/usr/local/include"/>
					<Add directory="/Applications/Xcode.app/Contents/Developer/Toolchains/XcodeDefault.xctoolchain/usr/lib/clang/12.0.5/include"/>
					<Add directory="/Applications/Xcode.app/Contents/Developer/Toolchains/XcodeDefault.xctoolchain/usr/include"/>
					<Add directory="/System/Library/Frameworks"/>
					<Add directory="/Library/Frameworks"/>
				</Compiler>
				<MakeCommands>
					<Build command="/usr/bin/make -j12 -f &quot;/Users/katsukiniwa/playground/abc-practice/c++/Makefile&quot;  VERBOSE=1 exhaustive-search"/>
					<CompileFile command="/usr/bin/make -j12 -f &quot;/Users/katsukiniwa/playground/abc-practice/c++/Makefile&quot;  VERBOSE=1 &quot;$file&quot;"/>
					<Clean command="/usr/bin/make -j12 -f &quot;/Users/katsukiniwa/playground/abc-practice/c++/Makefile&quot;  VERBOSE=1 clean"/>
					<DistClean command="/usr/bin/make -j12 -f &quot;/Users/katsukiniwa/playground/abc-practice/c++/Makefile&quot;  VERBOSE=1 clean"/>
				</MakeCommands>
			</Target>
			<Target title="exhaustive-search/fast">
				<Option output="/Users/katsukiniwa/playground/abc-practice/c++/exhaustive-search" prefix_auto="0" extension_auto="0"/>
				<Option working_dir="/Users/katsukiniwa/playground/abc-practice/c++"/>
				<Option object_output="./"/>
				<Option type="1"/>
				<Option compiler="gcc"/>
				<Compiler>
					<Add directory="/Applications/Xcode.app/Contents/Developer/Toolchains/XcodeDefault.xctoolchain/usr/bin/../include/c++/v1"/>
					<Add directory="/usr/local/include"/>
					<Add directory="/Applications/Xcode.app/Contents/Developer/Toolchains/XcodeDefault.xctoolchain/usr/lib/clang/12.0.5/include"/>
					<Add directory="/Applications/Xcode.app/Contents/Developer/Toolchains/XcodeDefault.xctoolchain/usr/include"/>
					<Add directory="/System/Library/Frameworks"/>
					<Add directory="/Library/Frameworks"/>
				</Compiler>
				<MakeCommands>
					<Build command="/usr/bin/make -j12 -f &quot;/Users/katsukiniwa/playground/abc-practice/c++/Makefile&quot;  VERBOSE=1 exhaustive-search/fast"/>
					<CompileFile command="/usr/bin/make -j12 -f &quot;/Users/katsukiniwa/playground/abc-practice/c++/Makefile&quot;  VERBOSE=1 &quot;$file&quot;"/>
					<Clean command="/usr/bin/make -j12 -f &quot;/Users/katsukiniwa/playground/abc-practice/c++/Makefile&quot;  VERBOSE=1 clean"/>
					<DistClean command="/usr/bin/make -j12 -f &quot;/Users/katsukiniwa/playground/abc-practice/c++/Makefile&quot;  VERBOSE=1 clean"/>
				</MakeCommands>
			</Target>
			<Target title="switches">
				<Option output="/Users/katsukiniwa/playground/abc-practice/c++/switches" prefix_auto="0" extension_auto="0"/>
				<Option working_dir="/Users/katsukiniwa/playground/abc-practice/c++"/>
				<Option object_output="./"/>
				<Option type="1"/>
				<Option compiler="gcc"/>
				<Compiler>
					<Add directory="/Applications/Xcode.app/Contents/Developer/Toolchains/XcodeDefault.xctoolchain/usr/bin/../include/c++/v1"/>
					<Add directory="/usr/local/include"/>
					<Add directory="/Applications/Xcode.app/Contents/Developer/Toolchains/XcodeDefault.xctoolchain/usr/lib/clang/12.0.5/include"/>
					<Add directory="/Applications/Xcode.app/Contents/Developer/Toolchains/XcodeDefault.xctoolchain/usr/include"/>
					<Add directory="/System/Library/Frameworks"/>
					<Add directory="/Library/Frameworks"/>
				</Compiler>
				<MakeCommands>
					<Build command="/usr/bin/make -j12 -f &quot;/Users/katsukiniwa/playground/abc-practice/c++/Makefile&quot;  VERBOSE=1 switches"/>
					<CompileFile command="/usr/bin/make -j12 -f &quot;/Users/katsukiniwa/playground/abc-practice/c++/Makefile&quot;  VERBOSE=1 &quot;$file&quot;"/>
					<Clean command="/usr/bin/make -j12 -f &quot;/Users/katsukiniwa/playground/abc-practice/c++/Makefile&quot;  VERBOSE=1 clean"/>
					<DistClean command="/usr/bin/make -j12 -f &quot;/Users/katsukiniwa/playground/abc-practice/c++/Makefile&quot;  VERBOSE=1 clean"/>
				</MakeCommands>
			</Target>
			<Target title="switches/fast">
				<Option output="/Users/katsukiniwa/playground/abc-practice/c++/switches" prefix_auto="0" extension_auto="0"/>
				<Option working_dir="/Users/katsukiniwa/playground/abc-practice/c++"/>
				<Option object_output="./"/>
				<Option type="1"/>
				<Option compiler="gcc"/>
				<Compiler>
					<Add directory="/Applications/Xcode.app/Contents/Developer/Toolchains/XcodeDefault.xctoolchain/usr/bin/../include/c++/v1"/>
					<Add directory="/usr/local/include"/>
					<Add directory="/Applications/Xcode.app/Contents/Developer/Toolchains/XcodeDefault.xctoolchain/usr/lib/clang/12.0.5/include"/>
					<Add directory="/Applications/Xcode.app/Contents/Developer/Toolchains/XcodeDefault.xctoolchain/usr/include"/>
					<Add directory="/System/Library/Frameworks"/>
					<Add directory="/Library/Frameworks"/>
				</Compiler>
				<MakeCommands>
					<Build command="/usr/bin/make -j12 -f &quot;/Users/katsukiniwa/playground/abc-practice/c++/Makefile&quot;  VERBOSE=1 switches/fast"/>
					<CompileFile command="/usr/bin/make -j12 -f &quot;/Users/katsukiniwa/playground/abc-practice/c++/Makefile&quot;  VERBOSE=1 &quot;$file&quot;"/>
					<Clean command="/usr/bin/make -j12 -f &quot;/Users/katsukiniwa/playground/abc-practice/c++/Makefile&quot;  VERBOSE=1 clean"/>
					<DistClean command="/usr/bin/make -j12 -f &quot;/Users/katsukiniwa/playground/abc-practice/c++/Makefile&quot;  VERBOSE=1 clean"/>
				</MakeCommands>
			</Target>
			<Target title="lucky-pin">
				<Option output="/Users/katsukiniwa/playground/abc-practice/c++/lucky-pin" prefix_auto="0" extension_auto="0"/>
				<Option working_dir="/Users/katsukiniwa/playground/abc-practice/c++"/>
				<Option object_output="./"/>
				<Option type="1"/>
				<Option compiler="gcc"/>
				<Compiler>
					<Add directory="/Applications/Xcode.app/Contents/Developer/Toolchains/XcodeDefault.xctoolchain/usr/bin/../include/c++/v1"/>
					<Add directory="/usr/local/include"/>
					<Add directory="/Applications/Xcode.app/Contents/Developer/Toolchains/XcodeDefault.xctoolchain/usr/lib/clang/12.0.5/include"/>
					<Add directory="/Applications/Xcode.app/Contents/Developer/Toolchains/XcodeDefault.xctoolchain/usr/include"/>
					<Add directory="/System/Library/Frameworks"/>
					<Add directory="/Library/Frameworks"/>
				</Compiler>
				<MakeCommands>
					<Build command="/usr/bin/make -j12 -f &quot;/Users/katsukiniwa/playground/abc-practice/c++/Makefile&quot;  VERBOSE=1 lucky-pin"/>
					<CompileFile command="/usr/bin/make -j12 -f &quot;/Users/katsukiniwa/playground/abc-practice/c++/Makefile&quot;  VERBOSE=1 &quot;$file&quot;"/>
					<Clean command="/usr/bin/make -j12 -f &quot;/Users/katsukiniwa/playground/abc-practice/c++/Makefile&quot;  VERBOSE=1 clean"/>
					<DistClean command="/usr/bin/make -j12 -f &quot;/Users/katsukiniwa/playground/abc-practice/c++/Makefile&quot;  VERBOSE=1 clean"/>
				</MakeCommands>
			</Target>
			<Target title="lucky-pin/fast">
				<Option output="/Users/katsukiniwa/playground/abc-practice/c++/lucky-pin" prefix_auto="0" extension_auto="0"/>
				<Option working_dir="/Users/katsukiniwa/playground/abc-practice/c++"/>
				<Option object_output="./"/>
				<Option type="1"/>
				<Option compiler="gcc"/>
				<Compiler>
					<Add directory="/Applications/Xcode.app/Contents/Developer/Toolchains/XcodeDefault.xctoolchain/usr/bin/../include/c++/v1"/>
					<Add directory="/usr/local/include"/>
					<Add directory="/Applications/Xcode.app/Contents/Developer/Toolchains/XcodeDefault.xctoolchain/usr/lib/clang/12.0.5/include"/>
					<Add directory="/Applications/Xcode.app/Contents/Developer/Toolchains/XcodeDefault.xctoolchain/usr/include"/>
					<Add directory="/System/Library/Frameworks"/>
					<Add directory="/Library/Frameworks"/>
				</Compiler>
				<MakeCommands>
					<Build command="/usr/bin/make -j12 -f &quot;/Users/katsukiniwa/playground/abc-practice/c++/Makefile&quot;  VERBOSE=1 lucky-pin/fast"/>
					<CompileFile command="/usr/bin/make -j12 -f &quot;/Users/katsukiniwa/playground/abc-practice/c++/Makefile&quot;  VERBOSE=1 &quot;$file&quot;"/>
					<Clean command="/usr/bin/make -j12 -f &quot;/Users/katsukiniwa/playground/abc-practice/c++/Makefile&quot;  VERBOSE=1 clean"/>
					<DistClean command="/usr/bin/make -j12 -f &quot;/Users/katsukiniwa/playground/abc-practice/c++/Makefile&quot;  VERBOSE=1 clean"/>
				</MakeCommands>
			</Target>
			<Target title="edit_cache">
				<Option working_dir="/Users/katsukiniwa/playground/abc-practice/c++"/>
				<Option type="4"/>
				<MakeCommands>
					<Build command="/usr/bin/make -j12 -f &quot;/Users/katsukiniwa/playground/abc-practice/c++/Makefile&quot;  VERBOSE=1 edit_cache"/>
					<CompileFile command="/usr/bin/make -j12 -f &quot;/Users/katsukiniwa/playground/abc-practice/c++/Makefile&quot;  VERBOSE=1 &quot;$file&quot;"/>
					<Clean command="/usr/bin/make -j12 -f &quot;/Users/katsukiniwa/playground/abc-practice/c++/Makefile&quot;  VERBOSE=1 clean"/>
					<DistClean command="/usr/bin/make -j12 -f &quot;/Users/katsukiniwa/playground/abc-practice/c++/Makefile&quot;  VERBOSE=1 clean"/>
				</MakeCommands>
			</Target>
			<Target title="half-and-half">
				<Option output="/Users/katsukiniwa/playground/abc-practice/c++/half-and-half" prefix_auto="0" extension_auto="0"/>
				<Option working_dir="/Users/katsukiniwa/playground/abc-practice/c++"/>
				<Option object_output="./"/>
				<Option type="1"/>
				<Option compiler="gcc"/>
				<Compiler>
					<Add directory="/Applications/Xcode.app/Contents/Developer/Toolchains/XcodeDefault.xctoolchain/usr/bin/../include/c++/v1"/>
					<Add directory="/usr/local/include"/>
					<Add directory="/Applications/Xcode.app/Contents/Developer/Toolchains/XcodeDefault.xctoolchain/usr/lib/clang/12.0.5/include"/>
					<Add directory="/Applications/Xcode.app/Contents/Developer/Toolchains/XcodeDefault.xctoolchain/usr/include"/>
					<Add directory="/System/Library/Frameworks"/>
					<Add directory="/Library/Frameworks"/>
				</Compiler>
				<MakeCommands>
					<Build command="/usr/bin/make -j12 -f &quot;/Users/katsukiniwa/playground/abc-practice/c++/Makefile&quot;  VERBOSE=1 half-and-half"/>
					<CompileFile command="/usr/bin/make -j12 -f &quot;/Users/katsukiniwa/playground/abc-practice/c++/Makefile&quot;  VERBOSE=1 &quot;$file&quot;"/>
					<Clean command="/usr/bin/make -j12 -f &quot;/Users/katsukiniwa/playground/abc-practice/c++/Makefile&quot;  VERBOSE=1 clean"/>
					<DistClean command="/usr/bin/make -j12 -f &quot;/Users/katsukiniwa/playground/abc-practice/c++/Makefile&quot;  VERBOSE=1 clean"/>
				</MakeCommands>
			</Target>
			<Target title="half-and-half/fast">
				<Option output="/Users/katsukiniwa/playground/abc-practice/c++/half-and-half" prefix_auto="0" extension_auto="0"/>
				<Option working_dir="/Users/katsukiniwa/playground/abc-practice/c++"/>
				<Option object_output="./"/>
				<Option type="1"/>
				<Option compiler="gcc"/>
				<Compiler>
					<Add directory="/Applications/Xcode.app/Contents/Developer/Toolchains/XcodeDefault.xctoolchain/usr/bin/../include/c++/v1"/>
					<Add directory="/usr/local/include"/>
					<Add directory="/Applications/Xcode.app/Contents/Developer/Toolchains/XcodeDefault.xctoolchain/usr/lib/clang/12.0.5/include"/>
					<Add directory="/Applications/Xcode.app/Contents/Developer/Toolchains/XcodeDefault.xctoolchain/usr/include"/>
					<Add directory="/System/Library/Frameworks"/>
					<Add directory="/Library/Frameworks"/>
				</Compiler>
				<MakeCommands>
					<Build command="/usr/bin/make -j12 -f &quot;/Users/katsukiniwa/playground/abc-practice/c++/Makefile&quot;  VERBOSE=1 half-and-half/fast"/>
					<CompileFile command="/usr/bin/make -j12 -f &quot;/Users/katsukiniwa/playground/abc-practice/c++/Makefile&quot;  VERBOSE=1 &quot;$file&quot;"/>
					<Clean command="/usr/bin/make -j12 -f &quot;/Users/katsukiniwa/playground/abc-practice/c++/Makefile&quot;  VERBOSE=1 clean"/>
					<DistClean command="/usr/bin/make -j12 -f &quot;/Users/katsukiniwa/playground/abc-practice/c++/Makefile&quot;  VERBOSE=1 clean"/>
				</MakeCommands>
			</Target>
			<Target title="atcoder">
				<Option output="/Users/katsukiniwa/playground/abc-practice/c++/atcoder" prefix_auto="0" extension_auto="0"/>
				<Option working_dir="/Users/katsukiniwa/playground/abc-practice/c++"/>
				<Option object_output="./"/>
				<Option type="1"/>
				<Option compiler="gcc"/>
				<Compiler>
					<Add directory="/Applications/Xcode.app/Contents/Developer/Toolchains/XcodeDefault.xctoolchain/usr/bin/../include/c++/v1"/>
					<Add directory="/usr/local/include"/>
					<Add directory="/Applications/Xcode.app/Contents/Developer/Toolchains/XcodeDefault.xctoolchain/usr/lib/clang/12.0.5/include"/>
					<Add directory="/Applications/Xcode.app/Contents/Developer/Toolchains/XcodeDefault.xctoolchain/usr/include"/>
					<Add directory="/System/Library/Frameworks"/>
					<Add directory="/Library/Frameworks"/>
				</Compiler>
				<MakeCommands>
					<Build command="/usr/bin/make -j12 -f &quot;/Users/katsukiniwa/playground/abc-practice/c++/Makefile&quot;  VERBOSE=1 atcoder"/>
					<CompileFile command="/usr/bin/make -j12 -f &quot;/Users/katsukiniwa/playground/abc-practice/c++/Makefile&quot;  VERBOSE=1 &quot;$file&quot;"/>
					<Clean command="/usr/bin/make -j12 -f &quot;/Users/katsukiniwa/playground/abc-practice/c++/Makefile&quot;  VERBOSE=1 clean"/>
					<DistClean command="/usr/bin/make -j12 -f &quot;/Users/katsukiniwa/playground/abc-practice/c++/Makefile&quot;  VERBOSE=1 clean"/>
				</MakeCommands>
			</Target>
			<Target title="atcoder/fast">
				<Option output="/Users/katsukiniwa/playground/abc-practice/c++/atcoder" prefix_auto="0" extension_auto="0"/>
				<Option working_dir="/Users/katsukiniwa/playground/abc-practice/c++"/>
				<Option object_output="./"/>
				<Option type="1"/>
				<Option compiler="gcc"/>
				<Compiler>
					<Add directory="/Applications/Xcode.app/Contents/Developer/Toolchains/XcodeDefault.xctoolchain/usr/bin/../include/c++/v1"/>
					<Add directory="/usr/local/include"/>
					<Add directory="/Applications/Xcode.app/Contents/Developer/Toolchains/XcodeDefault.xctoolchain/usr/lib/clang/12.0.5/include"/>
					<Add directory="/Applications/Xcode.app/Contents/Developer/Toolchains/XcodeDefault.xctoolchain/usr/include"/>
					<Add directory="/System/Library/Frameworks"/>
					<Add directory="/Library/Frameworks"/>
				</Compiler>
				<MakeCommands>
					<Build command="/usr/bin/make -j12 -f &quot;/Users/katsukiniwa/playground/abc-practice/c++/Makefile&quot;  VERBOSE=1 atcoder/fast"/>
					<CompileFile command="/usr/bin/make -j12 -f &quot;/Users/katsukiniwa/playground/abc-practice/c++/Makefile&quot;  VERBOSE=1 &quot;$file&quot;"/>
					<Clean command="/usr/bin/make -j12 -f &quot;/Users/katsukiniwa/playground/abc-practice/c++/Makefile&quot;  VERBOSE=1 clean"/>
					<DistClean command="/usr/bin/make -j12 -f &quot;/Users/katsukiniwa/playground/abc-practice/c++/Makefile&quot;  VERBOSE=1 clean"/>
				</MakeCommands>
			</Target>
			<Target title="105">
				<Option output="/Users/katsukiniwa/playground/abc-practice/c++/105" prefix_auto="0" extension_auto="0"/>
				<Option working_dir="/Users/katsukiniwa/playground/abc-practice/c++"/>
				<Option object_output="./"/>
				<Option type="1"/>
				<Option compiler="gcc"/>
				<Compiler>
					<Add directory="/Applications/Xcode.app/Contents/Developer/Toolchains/XcodeDefault.xctoolchain/usr/bin/../include/c++/v1"/>
					<Add directory="/usr/local/include"/>
					<Add directory="/Applications/Xcode.app/Contents/Developer/Toolchains/XcodeDefault.xctoolchain/usr/lib/clang/12.0.5/include"/>
					<Add directory="/Applications/Xcode.app/Contents/Developer/Toolchains/XcodeDefault.xctoolchain/usr/include"/>
					<Add directory="/System/Library/Frameworks"/>
					<Add directory="/Library/Frameworks"/>
				</Compiler>
				<MakeCommands>
					<Build command="/usr/bin/make -j12 -f &quot;/Users/katsukiniwa/playground/abc-practice/c++/Makefile&quot;  VERBOSE=1 105"/>
					<CompileFile command="/usr/bin/make -j12 -f &quot;/Users/katsukiniwa/playground/abc-practice/c++/Makefile&quot;  VERBOSE=1 &quot;$file&quot;"/>
					<Clean command="/usr/bin/make -j12 -f &quot;/Users/katsukiniwa/playground/abc-practice/c++/Makefile&quot;  VERBOSE=1 clean"/>
					<DistClean command="/usr/bin/make -j12 -f &quot;/Users/katsukiniwa/playground/abc-practice/c++/Makefile&quot;  VERBOSE=1 clean"/>
				</MakeCommands>
			</Target>
			<Target title="105/fast">
				<Option output="/Users/katsukiniwa/playground/abc-practice/c++/105" prefix_auto="0" extension_auto="0"/>
				<Option working_dir="/Users/katsukiniwa/playground/abc-practice/c++"/>
				<Option object_output="./"/>
				<Option type="1"/>
				<Option compiler="gcc"/>
				<Compiler>
					<Add directory="/Applications/Xcode.app/Contents/Developer/Toolchains/XcodeDefault.xctoolchain/usr/bin/../include/c++/v1"/>
					<Add directory="/usr/local/include"/>
					<Add directory="/Applications/Xcode.app/Contents/Developer/Toolchains/XcodeDefault.xctoolchain/usr/lib/clang/12.0.5/include"/>
					<Add directory="/Applications/Xcode.app/Contents/Developer/Toolchains/XcodeDefault.xctoolchain/usr/include"/>
					<Add directory="/System/Library/Frameworks"/>
					<Add directory="/Library/Frameworks"/>
				</Compiler>
				<MakeCommands>
					<Build command="/usr/bin/make -j12 -f &quot;/Users/katsukiniwa/playground/abc-practice/c++/Makefile&quot;  VERBOSE=1 105/fast"/>
					<CompileFile command="/usr/bin/make -j12 -f &quot;/Users/katsukiniwa/playground/abc-practice/c++/Makefile&quot;  VERBOSE=1 &quot;$file&quot;"/>
					<Clean command="/usr/bin/make -j12 -f &quot;/Users/katsukiniwa/playground/abc-practice/c++/Makefile&quot;  VERBOSE=1 clean"/>
					<DistClean command="/usr/bin/make -j12 -f &quot;/Users/katsukiniwa/playground/abc-practice/c++/Makefile&quot;  VERBOSE=1 clean"/>
				</MakeCommands>
			</Target>
			<Target title="cakes-and-donuts">
				<Option output="/Users/katsukiniwa/playground/abc-practice/c++/cakes-and-donuts" prefix_auto="0" extension_auto="0"/>
				<Option working_dir="/Users/katsukiniwa/playground/abc-practice/c++"/>
				<Option object_output="./"/>
				<Option type="1"/>
				<Option compiler="gcc"/>
				<Compiler>
					<Add directory="/Applications/Xcode.app/Contents/Developer/Toolchains/XcodeDefault.xctoolchain/usr/bin/../include/c++/v1"/>
					<Add directory="/usr/local/include"/>
					<Add directory="/Applications/Xcode.app/Contents/Developer/Toolchains/XcodeDefault.xctoolchain/usr/lib/clang/12.0.5/include"/>
					<Add directory="/Applications/Xcode.app/Contents/Developer/Toolchains/XcodeDefault.xctoolchain/usr/include"/>
					<Add directory="/System/Library/Frameworks"/>
					<Add directory="/Library/Frameworks"/>
				</Compiler>
				<MakeCommands>
					<Build command="/usr/bin/make -j12 -f &quot;/Users/katsukiniwa/playground/abc-practice/c++/Makefile&quot;  VERBOSE=1 cakes-and-donuts"/>
					<CompileFile command="/usr/bin/make -j12 -f &quot;/Users/katsukiniwa/playground/abc-practice/c++/Makefile&quot;  VERBOSE=1 &quot;$file&quot;"/>
					<Clean command="/usr/bin/make -j12 -f &quot;/Users/katsukiniwa/playground/abc-practice/c++/Makefile&quot;  VERBOSE=1 clean"/>
					<DistClean command="/usr/bin/make -j12 -f &quot;/Users/katsukiniwa/playground/abc-practice/c++/Makefile&quot;  VERBOSE=1 clean"/>
				</MakeCommands>
			</Target>
			<Target title="cakes-and-donuts/fast">
				<Option output="/Users/katsukiniwa/playground/abc-practice/c++/cakes-and-donuts" prefix_auto="0" extension_auto="0"/>
				<Option working_dir="/Users/katsukiniwa/playground/abc-practice/c++"/>
				<Option object_output="./"/>
				<Option type="1"/>
				<Option compiler="gcc"/>
				<Compiler>
					<Add directory="/Applications/Xcode.app/Contents/Developer/Toolchains/XcodeDefault.xctoolchain/usr/bin/../include/c++/v1"/>
					<Add directory="/usr/local/include"/>
					<Add directory="/Applications/Xcode.app/Contents/Developer/Toolchains/XcodeDefault.xctoolchain/usr/lib/clang/12.0.5/include"/>
					<Add directory="/Applications/Xcode.app/Contents/Developer/Toolchains/XcodeDefault.xctoolchain/usr/include"/>
					<Add directory="/System/Library/Frameworks"/>
					<Add directory="/Library/Frameworks"/>
				</Compiler>
				<MakeCommands>
					<Build command="/usr/bin/make -j12 -f &quot;/Users/katsukiniwa/playground/abc-practice/c++/Makefile&quot;  VERBOSE=1 cakes-and-donuts/fast"/>
					<CompileFile command="/usr/bin/make -j12 -f &quot;/Users/katsukiniwa/playground/abc-practice/c++/Makefile&quot;  VERBOSE=1 &quot;$file&quot;"/>
					<Clean command="/usr/bin/make -j12 -f &quot;/Users/katsukiniwa/playground/abc-practice/c++/Makefile&quot;  VERBOSE=1 clean"/>
					<DistClean command="/usr/bin/make -j12 -f &quot;/Users/katsukiniwa/playground/abc-practice/c++/Makefile&quot;  VERBOSE=1 clean"/>
				</MakeCommands>
			</Target>
			<Target title="karaoke">
				<Option output="/Users/katsukiniwa/playground/abc-practice/c++/karaoke" prefix_auto="0" extension_auto="0"/>
				<Option working_dir="/Users/katsukiniwa/playground/abc-practice/c++"/>
				<Option object_output="./"/>
				<Option type="1"/>
				<Option compiler="gcc"/>
				<Compiler>
					<Add directory="/Applications/Xcode.app/Contents/Developer/Toolchains/XcodeDefault.xctoolchain/usr/bin/../include/c++/v1"/>
					<Add directory="/usr/local/include"/>
					<Add directory="/Applications/Xcode.app/Contents/Developer/Toolchains/XcodeDefault.xctoolchain/usr/lib/clang/12.0.5/include"/>
					<Add directory="/Applications/Xcode.app/Contents/Developer/Toolchains/XcodeDefault.xctoolchain/usr/include"/>
					<Add directory="/System/Library/Frameworks"/>
					<Add directory="/Library/Frameworks"/>
				</Compiler>
				<MakeCommands>
					<Build command="/usr/bin/make -j12 -f &quot;/Users/katsukiniwa/playground/abc-practice/c++/Makefile&quot;  VERBOSE=1 karaoke"/>
					<CompileFile command="/usr/bin/make -j12 -f &quot;/Users/katsukiniwa/playground/abc-practice/c++/Makefile&quot;  VERBOSE=1 &quot;$file&quot;"/>
					<Clean command="/usr/bin/make -j12 -f &quot;/Users/katsukiniwa/playground/abc-practice/c++/Makefile&quot;  VERBOSE=1 clean"/>
					<DistClean command="/usr/bin/make -j12 -f &quot;/Users/katsukiniwa/playground/abc-practice/c++/Makefile&quot;  VERBOSE=1 clean"/>
				</MakeCommands>
			</Target>
			<Target title="karaoke/fast">
				<Option output="/Users/katsukiniwa/playground/abc-practice/c++/karaoke" prefix_auto="0" extension_auto="0"/>
				<Option working_dir="/Users/katsukiniwa/playground/abc-practice/c++"/>
				<Option object_output="./"/>
				<Option type="1"/>
				<Option compiler="gcc"/>
				<Compiler>
					<Add directory="/Applications/Xcode.app/Contents/Developer/Toolchains/XcodeDefault.xctoolchain/usr/bin/../include/c++/v1"/>
					<Add directory="/usr/local/include"/>
					<Add directory="/Applications/Xcode.app/Contents/Developer/Toolchains/XcodeDefault.xctoolchain/usr/lib/clang/12.0.5/include"/>
					<Add directory="/Applications/Xcode.app/Contents/Developer/Toolchains/XcodeDefault.xctoolchain/usr/include"/>
					<Add directory="/System/Library/Frameworks"/>
					<Add directory="/Library/Frameworks"/>
				</Compiler>
				<MakeCommands>
					<Build command="/usr/bin/make -j12 -f &quot;/Users/katsukiniwa/playground/abc-practice/c++/Makefile&quot;  VERBOSE=1 karaoke/fast"/>
					<CompileFile command="/usr/bin/make -j12 -f &quot;/Users/katsukiniwa/playground/abc-practice/c++/Makefile&quot;  VERBOSE=1 &quot;$file&quot;"/>
					<Clean command="/usr/bin/make -j12 -f &quot;/Users/katsukiniwa/playground/abc-practice/c++/Makefile&quot;  VERBOSE=1 clean"/>
					<DistClean command="/usr/bin/make -j12 -f &quot;/Users/katsukiniwa/playground/abc-practice/c++/Makefile&quot;  VERBOSE=1 clean"/>
				</MakeCommands>
			</Target>
			<Target title="how-many-ways">
				<Option output="/Users/katsukiniwa/playground/abc-practice/c++/how-many-ways" prefix_auto="0" extension_auto="0"/>
				<Option working_dir="/Users/katsukiniwa/playground/abc-practice/c++"/>
				<Option object_output="./"/>
				<Option type="1"/>
				<Option compiler="gcc"/>
				<Compiler>
					<Add directory="/Applications/Xcode.app/Contents/Developer/Toolchains/XcodeDefault.xctoolchain/usr/bin/../include/c++/v1"/>
					<Add directory="/usr/local/include"/>
					<Add directory="/Applications/Xcode.app/Contents/Developer/Toolchains/XcodeDefault.xctoolchain/usr/lib/clang/12.0.5/include"/>
					<Add directory="/Applications/Xcode.app/Contents/Developer/Toolchains/XcodeDefault.xctoolchain/usr/include"/>
					<Add directory="/System/Library/Frameworks"/>
					<Add directory="/Library/Frameworks"/>
				</Compiler>
				<MakeCommands>
					<Build command="/usr/bin/make -j12 -f &quot;/Users/katsukiniwa/playground/abc-practice/c++/Makefile&quot;  VERBOSE=1 how-many-ways"/>
					<CompileFile command="/usr/bin/make -j12 -f &quot;/Users/katsukiniwa/playground/abc-practice/c++/Makefile&quot;  VERBOSE=1 &quot;$file&quot;"/>
					<Clean command="/usr/bin/make -j12 -f &quot;/Users/katsukiniwa/playground/abc-practice/c++/Makefile&quot;  VERBOSE=1 clean"/>
					<DistClean command="/usr/bin/make -j12 -f &quot;/Users/katsukiniwa/playground/abc-practice/c++/Makefile&quot;  VERBOSE=1 clean"/>
				</MakeCommands>
			</Target>
			<Target title="how-many-ways/fast">
				<Option output="/Users/katsukiniwa/playground/abc-practice/c++/how-many-ways" prefix_auto="0" extension_auto="0"/>
				<Option working_dir="/Users/katsukiniwa/playground/abc-practice/c++"/>
				<Option object_output="./"/>
				<Option type="1"/>
				<Option compiler="gcc"/>
				<Compiler>
					<Add directory="/Applications/Xcode.app/Contents/Developer/Toolchains/XcodeDefault.xctoolchain/usr/bin/../include/c++/v1"/>
					<Add directory="/usr/local/include"/>
					<Add directory="/Applications/Xcode.app/Contents/Developer/Toolchains/XcodeDefault.xctoolchain/usr/lib/clang/12.0.5/include"/>
					<Add directory="/Applications/Xcode.app/Contents/Developer/Toolchains/XcodeDefault.xctoolchain/usr/include"/>
					<Add directory="/System/Library/Frameworks"/>
					<Add directory="/Library/Frameworks"/>
				</Compiler>
				<MakeCommands>
					<Build command="/usr/bin/make -j12 -f &quot;/Users/katsukiniwa/playground/abc-practice/c++/Makefile&quot;  VERBOSE=1 how-many-ways/fast"/>
					<CompileFile command="/usr/bin/make -j12 -f &quot;/Users/katsukiniwa/playground/abc-practice/c++/Makefile&quot;  VERBOSE=1 &quot;$file&quot;"/>
					<Clean command="/usr/bin/make -j12 -f &quot;/Users/katsukiniwa/playground/abc-practice/c++/Makefile&quot;  VERBOSE=1 clean"/>
					<DistClean command="/usr/bin/make -j12 -f &quot;/Users/katsukiniwa/playground/abc-practice/c++/Makefile&quot;  VERBOSE=1 clean"/>
				</MakeCommands>
			</Target>
			<Target title="making-triangle">
				<Option output="/Users/katsukiniwa/playground/abc-practice/c++/making-triangle" prefix_auto="0" extension_auto="0"/>
				<Option working_dir="/Users/katsukiniwa/playground/abc-practice/c++"/>
				<Option object_output="./"/>
				<Option type="1"/>
				<Option compiler="gcc"/>
				<Compiler>
					<Add directory="/Applications/Xcode.app/Contents/Developer/Toolchains/XcodeDefault.xctoolchain/usr/bin/../include/c++/v1"/>
					<Add directory="/usr/local/include"/>
					<Add directory="/Applications/Xcode.app/Contents/Developer/Toolchains/XcodeDefault.xctoolchain/usr/lib/clang/12.0.5/include"/>
					<Add directory="/Applications/Xcode.app/Contents/Developer/Toolchains/XcodeDefault.xctoolchain/usr/include"/>
					<Add directory="/System/Library/Frameworks"/>
					<Add directory="/Library/Frameworks"/>
				</Compiler>
				<MakeCommands>
					<Build command="/usr/bin/make -j12 -f &quot;/Users/katsukiniwa/playground/abc-practice/c++/Makefile&quot;  VERBOSE=1 making-triangle"/>
					<CompileFile command="/usr/bin/make -j12 -f &quot;/Users/katsukiniwa/playground/abc-practice/c++/Makefile&quot;  VERBOSE=1 &quot;$file&quot;"/>
					<Clean command="/usr/bin/make -j12 -f &quot;/Users/katsukiniwa/playground/abc-practice/c++/Makefile&quot;  VERBOSE=1 clean"/>
					<DistClean command="/usr/bin/make -j12 -f &quot;/Users/katsukiniwa/playground/abc-practice/c++/Makefile&quot;  VERBOSE=1 clean"/>
				</MakeCommands>
			</Target>
			<Target title="making-triangle/fast">
				<Option output="/Users/katsukiniwa/playground/abc-practice/c++/making-triangle" prefix_auto="0" extension_auto="0"/>
				<Option working_dir="/Users/katsukiniwa/playground/abc-practice/c++"/>
				<Option object_output="./"/>
				<Option type="1"/>
				<Option compiler="gcc"/>
				<Compiler>
					<Add directory="/Applications/Xcode.app/Contents/Developer/Toolchains/XcodeDefault.xctoolchain/usr/bin/../include/c++/v1"/>
					<Add directory="/usr/local/include"/>
					<Add directory="/Applications/Xcode.app/Contents/Developer/Toolchains/XcodeDefault.xctoolchain/usr/lib/clang/12.0.5/include"/>
					<Add directory="/Applications/Xcode.app/Contents/Developer/Toolchains/XcodeDefault.xctoolchain/usr/include"/>
					<Add directory="/System/Library/Frameworks"/>
					<Add directory="/Library/Frameworks"/>
				</Compiler>
				<MakeCommands>
					<Build command="/usr/bin/make -j12 -f &quot;/Users/katsukiniwa/playground/abc-practice/c++/Makefile&quot;  VERBOSE=1 making-triangle/fast"/>
					<CompileFile command="/usr/bin/make -j12 -f &quot;/Users/katsukiniwa/playground/abc-practice/c++/Makefile&quot;  VERBOSE=1 &quot;$file&quot;"/>
					<Clean command="/usr/bin/make -j12 -f &quot;/Users/katsukiniwa/playground/abc-practice/c++/Makefile&quot;  VERBOSE=1 clean"/>
					<DistClean command="/usr/bin/make -j12 -f &quot;/Users/katsukiniwa/playground/abc-practice/c++/Makefile&quot;  VERBOSE=1 clean"/>
				</MakeCommands>
			</Target>
			<Target title="bitter-alchemy">
				<Option output="/Users/katsukiniwa/playground/abc-practice/c++/bitter-alchemy" prefix_auto="0" extension_auto="0"/>
				<Option working_dir="/Users/katsukiniwa/playground/abc-practice/c++"/>
				<Option object_output="./"/>
				<Option type="1"/>
				<Option compiler="gcc"/>
				<Compiler>
					<Add directory="/Applications/Xcode.app/Contents/Developer/Toolchains/XcodeDefault.xctoolchain/usr/bin/../include/c++/v1"/>
					<Add directory="/usr/local/include"/>
					<Add directory="/Applications/Xcode.app/Contents/Developer/Toolchains/XcodeDefault.xctoolchain/usr/lib/clang/12.0.5/include"/>
					<Add directory="/Applications/Xcode.app/Contents/Developer/Toolchains/XcodeDefault.xctoolchain/usr/include"/>
					<Add directory="/System/Library/Frameworks"/>
					<Add directory="/Library/Frameworks"/>
				</Compiler>
				<MakeCommands>
					<Build command="/usr/bin/make -j12 -f &quot;/Users/katsukiniwa/playground/abc-practice/c++/Makefile&quot;  VERBOSE=1 bitter-alchemy"/>
					<CompileFile command="/usr/bin/make -j12 -f &quot;/Users/katsukiniwa/playground/abc-practice/c++/Makefile&quot;  VERBOSE=1 &quot;$file&quot;"/>
					<Clean command="/usr/bin/make -j12 -f &quot;/Users/katsukiniwa/playground/abc-practice/c++/Makefile&quot;  VERBOSE=1 clean"/>
					<DistClean command="/usr/bin/make -j12 -f &quot;/Users/katsukiniwa/playground/abc-practice/c++/Makefile&quot;  VERBOSE=1 clean"/>
				</MakeCommands>
			</Target>
			<Target title="bitter-alchemy/fast">
				<Option output="/Users/katsukiniwa/playground/abc-practice/c++/bitter-alchemy" prefix_auto="0" extension_auto="0"/>
				<Option working_dir="/Users/katsukiniwa/playground/abc-practice/c++"/>
				<Option object_output="./"/>
				<Option type="1"/>
				<Option compiler="gcc"/>
				<Compiler>
					<Add directory="/Applications/Xcode.app/Contents/Developer/Toolchains/XcodeDefault.xctoolchain/usr/bin/../include/c++/v1"/>
					<Add directory="/usr/local/include"/>
					<Add directory="/Applications/Xcode.app/Contents/Developer/Toolchains/XcodeDefault.xctoolchain/usr/lib/clang/12.0.5/include"/>
					<Add directory="/Applications/Xcode.app/Contents/Developer/Toolchains/XcodeDefault.xctoolchain/usr/include"/>
					<Add directory="/System/Library/Frameworks"/>
					<Add directory="/Library/Frameworks"/>
				</Compiler>
				<MakeCommands>
					<Build command="/usr/bin/make -j12 -f &quot;/Users/katsukiniwa/playground/abc-practice/c++/Makefile&quot;  VERBOSE=1 bitter-alchemy/fast"/>
					<CompileFile command="/usr/bin/make -j12 -f &quot;/Users/katsukiniwa/playground/abc-practice/c++/Makefile&quot;  VERBOSE=1 &quot;$file&quot;"/>
					<Clean command="/usr/bin/make -j12 -f &quot;/Users/katsukiniwa/playground/abc-practice/c++/Makefile&quot;  VERBOSE=1 clean"/>
					<DistClean command="/usr/bin/make -j12 -f &quot;/Users/katsukiniwa/playground/abc-practice/c++/Makefile&quot;  VERBOSE=1 clean"/>
				</MakeCommands>
			</Target>
			<Target title="rebuild_cache">
				<Option working_dir="/Users/katsukiniwa/playground/abc-practice/c++"/>
				<Option type="4"/>
				<MakeCommands>
					<Build command="/usr/bin/make -j12 -f &quot;/Users/katsukiniwa/playground/abc-practice/c++/Makefile&quot;  VERBOSE=1 rebuild_cache"/>
					<CompileFile command="/usr/bin/make -j12 -f &quot;/Users/katsukiniwa/playground/abc-practice/c++/Makefile&quot;  VERBOSE=1 &quot;$file&quot;"/>
					<Clean command="/usr/bin/make -j12 -f &quot;/Users/katsukiniwa/playground/abc-practice/c++/Makefile&quot;  VERBOSE=1 clean"/>
					<DistClean command="/usr/bin/make -j12 -f &quot;/Users/katsukiniwa/playground/abc-practice/c++/Makefile&quot;  VERBOSE=1 clean"/>
				</MakeCommands>
			</Target>
			<Target title="i18n">
				<Option output="/Users/katsukiniwa/playground/abc-practice/c++/i18n" prefix_auto="0" extension_auto="0"/>
				<Option working_dir="/Users/katsukiniwa/playground/abc-practice/c++"/>
				<Option object_output="./"/>
				<Option type="1"/>
				<Option compiler="gcc"/>
				<Compiler>
					<Add directory="/Applications/Xcode.app/Contents/Developer/Toolchains/XcodeDefault.xctoolchain/usr/bin/../include/c++/v1"/>
					<Add directory="/usr/local/include"/>
					<Add directory="/Applications/Xcode.app/Contents/Developer/Toolchains/XcodeDefault.xctoolchain/usr/lib/clang/12.0.5/include"/>
					<Add directory="/Applications/Xcode.app/Contents/Developer/Toolchains/XcodeDefault.xctoolchain/usr/include"/>
					<Add directory="/System/Library/Frameworks"/>
					<Add directory="/Library/Frameworks"/>
				</Compiler>
				<MakeCommands>
					<Build command="/usr/bin/make -j12 -f &quot;/Users/katsukiniwa/playground/abc-practice/c++/Makefile&quot;  VERBOSE=1 i18n"/>
					<CompileFile command="/usr/bin/make -j12 -f &quot;/Users/katsukiniwa/playground/abc-practice/c++/Makefile&quot;  VERBOSE=1 &quot;$file&quot;"/>
					<Clean command="/usr/bin/make -j12 -f &quot;/Users/katsukiniwa/playground/abc-practice/c++/Makefile&quot;  VERBOSE=1 clean"/>
					<DistClean command="/usr/bin/make -j12 -f &quot;/Users/katsukiniwa/playground/abc-practice/c++/Makefile&quot;  VERBOSE=1 clean"/>
				</MakeCommands>
			</Target>
			<Target title="i18n/fast">
				<Option output="/Users/katsukiniwa/playground/abc-practice/c++/i18n" prefix_auto="0" extension_auto="0"/>
				<Option working_dir="/Users/katsukiniwa/playground/abc-practice/c++"/>
				<Option object_output="./"/>
				<Option type="1"/>
				<Option compiler="gcc"/>
				<Compiler>
					<Add directory="/Applications/Xcode.app/Contents/Developer/Toolchains/XcodeDefault.xctoolchain/usr/bin/../include/c++/v1"/>
					<Add directory="/usr/local/include"/>
					<Add directory="/Applications/Xcode.app/Contents/Developer/Toolchains/XcodeDefault.xctoolchain/usr/lib/clang/12.0.5/include"/>
					<Add directory="/Applications/Xcode.app/Contents/Developer/Toolchains/XcodeDefault.xctoolchain/usr/include"/>
					<Add directory="/System/Library/Frameworks"/>
					<Add directory="/Library/Frameworks"/>
				</Compiler>
				<MakeCommands>
					<Build command="/usr/bin/make -j12 -f &quot;/Users/katsukiniwa/playground/abc-practice/c++/Makefile&quot;  VERBOSE=1 i18n/fast"/>
					<CompileFile command="/usr/bin/make -j12 -f &quot;/Users/katsukiniwa/playground/abc-practice/c++/Makefile&quot;  VERBOSE=1 &quot;$file&quot;"/>
					<Clean command="/usr/bin/make -j12 -f &quot;/Users/katsukiniwa/playground/abc-practice/c++/Makefile&quot;  VERBOSE=1 clean"/>
					<DistClean command="/usr/bin/make -j12 -f &quot;/Users/katsukiniwa/playground/abc-practice/c++/Makefile&quot;  VERBOSE=1 clean"/>
				</MakeCommands>
			</Target>
			<Target title="forth">
				<Option output="/Users/katsukiniwa/playground/abc-practice/c++/forth" prefix_auto="0" extension_auto="0"/>
				<Option working_dir="/Users/katsukiniwa/playground/abc-practice/c++"/>
				<Option object_output="./"/>
				<Option type="1"/>
				<Option compiler="gcc"/>
				<Compiler>
					<Add directory="/Applications/Xcode.app/Contents/Developer/Toolchains/XcodeDefault.xctoolchain/usr/bin/../include/c++/v1"/>
					<Add directory="/usr/local/include"/>
					<Add directory="/Applications/Xcode.app/Contents/Developer/Toolchains/XcodeDefault.xctoolchain/usr/lib/clang/12.0.5/include"/>
					<Add directory="/Applications/Xcode.app/Contents/Developer/Toolchains/XcodeDefault.xctoolchain/usr/include"/>
					<Add directory="/System/Library/Frameworks"/>
					<Add directory="/Library/Frameworks"/>
				</Compiler>
				<MakeCommands>
					<Build command="/usr/bin/make -j12 -f &quot;/Users/katsukiniwa/playground/abc-practice/c++/Makefile&quot;  VERBOSE=1 forth"/>
					<CompileFile command="/usr/bin/make -j12 -f &quot;/Users/katsukiniwa/playground/abc-practice/c++/Makefile&quot;  VERBOSE=1 &quot;$file&quot;"/>
					<Clean command="/usr/bin/make -j12 -f &quot;/Users/katsukiniwa/playground/abc-practice/c++/Makefile&quot;  VERBOSE=1 clean"/>
					<DistClean command="/usr/bin/make -j12 -f &quot;/Users/katsukiniwa/playground/abc-practice/c++/Makefile&quot;  VERBOSE=1 clean"/>
				</MakeCommands>
			</Target>
			<Target title="forth/fast">
				<Option output="/Users/katsukiniwa/playground/abc-practice/c++/forth" prefix_auto="0" extension_auto="0"/>
				<Option working_dir="/Users/katsukiniwa/playground/abc-practice/c++"/>
				<Option object_output="./"/>
				<Option type="1"/>
				<Option compiler="gcc"/>
				<Compiler>
					<Add directory="/Applications/Xcode.app/Contents/Developer/Toolchains/XcodeDefault.xctoolchain/usr/bin/../include/c++/v1"/>
					<Add directory="/usr/local/include"/>
					<Add directory="/Applications/Xcode.app/Contents/Developer/Toolchains/XcodeDefault.xctoolchain/usr/lib/clang/12.0.5/include"/>
					<Add directory="/Applications/Xcode.app/Contents/Developer/Toolchains/XcodeDefault.xctoolchain/usr/include"/>
					<Add directory="/System/Library/Frameworks"/>
					<Add directory="/Library/Frameworks"/>
				</Compiler>
				<MakeCommands>
					<Build command="/usr/bin/make -j12 -f &quot;/Users/katsukiniwa/playground/abc-practice/c++/Makefile&quot;  VERBOSE=1 forth/fast"/>
					<CompileFile command="/usr/bin/make -j12 -f &quot;/Users/katsukiniwa/playground/abc-practice/c++/Makefile&quot;  VERBOSE=1 &quot;$file&quot;"/>
					<Clean command="/usr/bin/make -j12 -f &quot;/Users/katsukiniwa/playground/abc-practice/c++/Makefile&quot;  VERBOSE=1 clean"/>
					<DistClean command="/usr/bin/make -j12 -f &quot;/Users/katsukiniwa/playground/abc-practice/c++/Makefile&quot;  VERBOSE=1 clean"/>
				</MakeCommands>
			</Target>
			<Target title="something-on-it">
				<Option output="/Users/katsukiniwa/playground/abc-practice/c++/something-on-it" prefix_auto="0" extension_auto="0"/>
				<Option working_dir="/Users/katsukiniwa/playground/abc-practice/c++"/>
				<Option object_output="./"/>
				<Option type="1"/>
				<Option compiler="gcc"/>
				<Compiler>
					<Add directory="/Applications/Xcode.app/Contents/Developer/Toolchains/XcodeDefault.xctoolchain/usr/bin/../include/c++/v1"/>
					<Add directory="/usr/local/include"/>
					<Add directory="/Applications/Xcode.app/Contents/Developer/Toolchains/XcodeDefault.xctoolchain/usr/lib/clang/12.0.5/include"/>
					<Add directory="/Applications/Xcode.app/Contents/Developer/Toolchains/XcodeDefault.xctoolchain/usr/include"/>
					<Add directory="/System/Library/Frameworks"/>
					<Add directory="/Library/Frameworks"/>
				</Compiler>
				<MakeCommands>
					<Build command="/usr/bin/make -j12 -f &quot;/Users/katsukiniwa/playground/abc-practice/c++/Makefile&quot;  VERBOSE=1 something-on-it"/>
					<CompileFile command="/usr/bin/make -j12 -f &quot;/Users/katsukiniwa/playground/abc-practice/c++/Makefile&quot;  VERBOSE=1 &quot;$file&quot;"/>
					<Clean command="/usr/bin/make -j12 -f &quot;/Users/katsukiniwa/playground/abc-practice/c++/Makefile&quot;  VERBOSE=1 clean"/>
					<DistClean command="/usr/bin/make -j12 -f &quot;/Users/katsukiniwa/playground/abc-practice/c++/Makefile&quot;  VERBOSE=1 clean"/>
				</MakeCommands>
			</Target>
			<Target title="something-on-it/fast">
				<Option output="/Users/katsukiniwa/playground/abc-practice/c++/something-on-it" prefix_auto="0" extension_auto="0"/>
				<Option working_dir="/Users/katsukiniwa/playground/abc-practice/c++"/>
				<Option object_output="./"/>
				<Option type="1"/>
				<Option compiler="gcc"/>
				<Compiler>
					<Add directory="/Applications/Xcode.app/Contents/Developer/Toolchains/XcodeDefault.xctoolchain/usr/bin/../include/c++/v1"/>
					<Add directory="/usr/local/include"/>
					<Add directory="/Applications/Xcode.app/Contents/Developer/Toolchains/XcodeDefault.xctoolchain/usr/lib/clang/12.0.5/include"/>
					<Add directory="/Applications/Xcode.app/Contents/Developer/Toolchains/XcodeDefault.xctoolchain/usr/include"/>
					<Add directory="/System/Library/Frameworks"/>
					<Add directory="/Library/Frameworks"/>
				</Compiler>
				<MakeCommands>
					<Build command="/usr/bin/make -j12 -f &quot;/Users/katsukiniwa/playground/abc-practice/c++/Makefile&quot;  VERBOSE=1 something-on-it/fast"/>
					<CompileFile command="/usr/bin/make -j12 -f &quot;/Users/katsukiniwa/playground/abc-practice/c++/Makefile&quot;  VERBOSE=1 &quot;$file&quot;"/>
					<Clean command="/usr/bin/make -j12 -f &quot;/Users/katsukiniwa/playground/abc-practice/c++/Makefile&quot;  VERBOSE=1 clean"/>
					<DistClean command="/usr/bin/make -j12 -f &quot;/Users/katsukiniwa/playground/abc-practice/c++/Makefile&quot;  VERBOSE=1 clean"/>
				</MakeCommands>
			</Target>
			<Target title="duplex-printing">
				<Option output="/Users/katsukiniwa/playground/abc-practice/c++/duplex-printing" prefix_auto="0" extension_auto="0"/>
				<Option working_dir="/Users/katsukiniwa/playground/abc-practice/c++"/>
				<Option object_output="./"/>
				<Option type="1"/>
				<Option compiler="gcc"/>
				<Compiler>
					<Add directory="/Applications/Xcode.app/Contents/Developer/Toolchains/XcodeDefault.xctoolchain/usr/bin/../include/c++/v1"/>
					<Add directory="/usr/local/include"/>
					<Add directory="/Applications/Xcode.app/Contents/Developer/Toolchains/XcodeDefault.xctoolchain/usr/lib/clang/12.0.5/include"/>
					<Add directory="/Applications/Xcode.app/Contents/Developer/Toolchains/XcodeDefault.xctoolchain/usr/include"/>
					<Add directory="/System/Library/Frameworks"/>
					<Add directory="/Library/Frameworks"/>
				</Compiler>
				<MakeCommands>
					<Build command="/usr/bin/make -j12 -f &quot;/Users/katsukiniwa/playground/abc-practice/c++/Makefile&quot;  VERBOSE=1 duplex-printing"/>
					<CompileFile command="/usr/bin/make -j12 -f &quot;/Users/katsukiniwa/playground/abc-practice/c++/Makefile&quot;  VERBOSE=1 &quot;$file&quot;"/>
					<Clean command="/usr/bin/make -j12 -f &quot;/Users/katsukiniwa/playground/abc-practice/c++/Makefile&quot;  VERBOSE=1 clean"/>
					<DistClean command="/usr/bin/make -j12 -f &quot;/Users/katsukiniwa/playground/abc-practice/c++/Makefile&quot;  VERBOSE=1 clean"/>
				</MakeCommands>
			</Target>
			<Target title="duplex-printing/fast">
				<Option output="/Users/katsukiniwa/playground/abc-practice/c++/duplex-printing" prefix_auto="0" extension_auto="0"/>
				<Option working_dir="/Users/katsukiniwa/playground/abc-practice/c++"/>
				<Option object_output="./"/>
				<Option type="1"/>
				<Option compiler="gcc"/>
				<Compiler>
					<Add directory="/Applications/Xcode.app/Contents/Developer/Toolchains/XcodeDefault.xctoolchain/usr/bin/../include/c++/v1"/>
					<Add directory="/usr/local/include"/>
					<Add directory="/Applications/Xcode.app/Contents/Developer/Toolchains/XcodeDefault.xctoolchain/usr/lib/clang/12.0.5/include"/>
					<Add directory="/Applications/Xcode.app/Contents/Developer/Toolchains/XcodeDefault.xctoolchain/usr/include"/>
					<Add directory="/System/Library/Frameworks"/>
					<Add directory="/Library/Frameworks"/>
				</Compiler>
				<MakeCommands>
					<Build command="/usr/bin/make -j12 -f &quot;/Users/katsukiniwa/playground/abc-practice/c++/Makefile&quot;  VERBOSE=1 duplex-printing/fast"/>
					<CompileFile command="/usr/bin/make -j12 -f &quot;/Users/katsukiniwa/playground/abc-practice/c++/Makefile&quot;  VERBOSE=1 &quot;$file&quot;"/>
					<Clean command="/usr/bin/make -j12 -f &quot;/Users/katsukiniwa/playground/abc-practice/c++/Makefile&quot;  VERBOSE=1 clean"/>
					<DistClean command="/usr/bin/make -j12 -f &quot;/Users/katsukiniwa/playground/abc-practice/c++/Makefile&quot;  VERBOSE=1 clean"/>
				</MakeCommands>
			</Target>
			<Target title="rgb-cards">
				<Option output="/Users/katsukiniwa/playground/abc-practice/c++/rgb-cards" prefix_auto="0" extension_auto="0"/>
				<Option working_dir="/Users/katsukiniwa/playground/abc-practice/c++"/>
				<Option object_output="./"/>
				<Option type="1"/>
				<Option compiler="gcc"/>
				<Compiler>
					<Add directory="/Applications/Xcode.app/Contents/Developer/Toolchains/XcodeDefault.xctoolchain/usr/bin/../include/c++/v1"/>
					<Add directory="/usr/local/include"/>
					<Add directory="/Applications/Xcode.app/Contents/Developer/Toolchains/XcodeDefault.xctoolchain/usr/lib/clang/12.0.5/include"/>
					<Add directory="/Applications/Xcode.app/Contents/Developer/Toolchains/XcodeDefault.xctoolchain/usr/include"/>
					<Add directory="/System/Library/Frameworks"/>
					<Add directory="/Library/Frameworks"/>
				</Compiler>
				<MakeCommands>
					<Build command="/usr/bin/make -j12 -f &quot;/Users/katsukiniwa/playground/abc-practice/c++/Makefile&quot;  VERBOSE=1 rgb-cards"/>
					<CompileFile command="/usr/bin/make -j12 -f &quot;/Users/katsukiniwa/playground/abc-practice/c++/Makefile&quot;  VERBOSE=1 &quot;$file&quot;"/>
					<Clean command="/usr/bin/make -j12 -f &quot;/Users/katsukiniwa/playground/abc-practice/c++/Makefile&quot;  VERBOSE=1 clean"/>
					<DistClean command="/usr/bin/make -j12 -f &quot;/Users/katsukiniwa/playground/abc-practice/c++/Makefile&quot;  VERBOSE=1 clean"/>
				</MakeCommands>
			</Target>
			<Target title="rgb-cards/fast">
				<Option output="/Users/katsukiniwa/playground/abc-practice/c++/rgb-cards" prefix_auto="0" extension_auto="0"/>
				<Option working_dir="/Users/katsukiniwa/playground/abc-practice/c++"/>
				<Option object_output="./"/>
				<Option type="1"/>
				<Option compiler="gcc"/>
				<Compiler>
					<Add directory="/Applications/Xcode.app/Contents/Developer/Toolchains/XcodeDefault.xctoolchain/usr/bin/../include/c++/v1"/>
					<Add directory="/usr/local/include"/>
					<Add directory="/Applications/Xcode.app/Contents/Developer/Toolchains/XcodeDefault.xctoolchain/usr/lib/clang/12.0.5/include"/>
					<Add directory="/Applications/Xcode.app/Contents/Developer/Toolchains/XcodeDefault.xctoolchain/usr/include"/>
					<Add directory="/System/Library/Frameworks"/>
					<Add directory="/Library/Frameworks"/>
				</Compiler>
				<MakeCommands>
					<Build command="/usr/bin/make -j12 -f &quot;/Users/katsukiniwa/playground/abc-practice/c++/Makefile&quot;  VERBOSE=1 rgb-cards/fast"/>
					<CompileFile command="/usr/bin/make -j12 -f &quot;/Users/katsukiniwa/playground/abc-practice/c++/Makefile&quot;  VERBOSE=1 &quot;$file&quot;"/>
					<Clean command="/usr/bin/make -j12 -f &quot;/Users/katsukiniwa/playground/abc-practice/c++/Makefile&quot;  VERBOSE=1 clean"/>
					<DistClean command="/usr/bin/make -j12 -f &quot;/Users/katsukiniwa/playground/abc-practice/c++/Makefile&quot;  VERBOSE=1 clean"/>
				</MakeCommands>
			</Target>
			<Target title="tenth">
				<Option output="/Users/katsukiniwa/playground/abc-practice/c++/tenth" prefix_auto="0" extension_auto="0"/>
				<Option working_dir="/Users/katsukiniwa/playground/abc-practice/c++"/>
				<Option object_output="./"/>
				<Option type="1"/>
				<Option compiler="gcc"/>
				<Compiler>
					<Add directory="/Applications/Xcode.app/Contents/Developer/Toolchains/XcodeDefault.xctoolchain/usr/bin/../include/c++/v1"/>
					<Add directory="/usr/local/include"/>
					<Add directory="/Applications/Xcode.app/Contents/Developer/Toolchains/XcodeDefault.xctoolchain/usr/lib/clang/12.0.5/include"/>
					<Add directory="/Applications/Xcode.app/Contents/Developer/Toolchains/XcodeDefault.xctoolchain/usr/include"/>
					<Add directory="/System/Library/Frameworks"/>
					<Add directory="/Library/Frameworks"/>
				</Compiler>
				<MakeCommands>
					<Build command="/usr/bin/make -j12 -f &quot;/Users/katsukiniwa/playground/abc-practice/c++/Makefile&quot;  VERBOSE=1 tenth"/>
					<CompileFile command="/usr/bin/make -j12 -f &quot;/Users/katsukiniwa/playground/abc-practice/c++/Makefile&quot;  VERBOSE=1 &quot;$file&quot;"/>
					<Clean command="/usr/bin/make -j12 -f &quot;/Users/katsukiniwa/playground/abc-practice/c++/Makefile&quot;  VERBOSE=1 clean"/>
					<DistClean command="/usr/bin/make -j12 -f &quot;/Users/katsukiniwa/playground/abc-practice/c++/Makefile&quot;  VERBOSE=1 clean"/>
				</MakeCommands>
			</Target>
			<Target title="tenth/fast">
				<Option output="/Users/katsukiniwa/playground/abc-practice/c++/tenth" prefix_auto="0" extension_auto="0"/>
				<Option working_dir="/Users/katsukiniwa/playground/abc-practice/c++"/>
				<Option object_output="./"/>
				<Option type="1"/>
				<Option compiler="gcc"/>
				<Compiler>
					<Add directory="/Applications/Xcode.app/Contents/Developer/Toolchains/XcodeDefault.xctoolchain/usr/bin/../include/c++/v1"/>
					<Add directory="/usr/local/include"/>
					<Add directory="/Applications/Xcode.app/Contents/Developer/Toolchains/XcodeDefault.xctoolchain/usr/lib/clang/12.0.5/include"/>
					<Add directory="/Applications/Xcode.app/Contents/Developer/Toolchains/XcodeDefault.xctoolchain/usr/include"/>
					<Add directory="/System/Library/Frameworks"/>
					<Add directory="/Library/Frameworks"/>
				</Compiler>
				<MakeCommands>
					<Build command="/usr/bin/make -j12 -f &quot;/Users/katsukiniwa/playground/abc-practice/c++/Makefile&quot;  VERBOSE=1 tenth/fast"/>
					<CompileFile command="/usr/bin/make -j12 -f &quot;/Users/katsukiniwa/playground/abc-practice/c++/Makefile&quot;  VERBOSE=1 &quot;$file&quot;"/>
					<Clean command="/usr/bin/make -j12 -f &quot;/Users/katsukiniwa/playground/abc-practice/c++/Makefile&quot;  VERBOSE=1 clean"/>
					<DistClean command="/usr/bin/make -j12 -f &quot;/Users/katsukiniwa/playground/abc-practice/c++/Makefile&quot;  VERBOSE=1 clean"/>
				</MakeCommands>
			</Target>
			<Target title="ninth">
				<Option output="/Users/katsukiniwa/playground/abc-practice/c++/ninth" prefix_auto="0" extension_auto="0"/>
				<Option working_dir="/Users/katsukiniwa/playground/abc-practice/c++"/>
				<Option object_output="./"/>
				<Option type="1"/>
				<Option compiler="gcc"/>
				<Compiler>
					<Add directory="/Applications/Xcode.app/Contents/Developer/Toolchains/XcodeDefault.xctoolchain/usr/bin/../include/c++/v1"/>
					<Add directory="/usr/local/include"/>
					<Add directory="/Applications/Xcode.app/Contents/Developer/Toolchains/XcodeDefault.xctoolchain/usr/lib/clang/12.0.5/include"/>
					<Add directory="/Applications/Xcode.app/Contents/Developer/Toolchains/XcodeDefault.xctoolchain/usr/include"/>
					<Add directory="/System/Library/Frameworks"/>
					<Add directory="/Library/Frameworks"/>
				</Compiler>
				<MakeCommands>
					<Build command="/usr/bin/make -j12 -f &quot;/Users/katsukiniwa/playground/abc-practice/c++/Makefile&quot;  VERBOSE=1 ninth"/>
					<CompileFile command="/usr/bin/make -j12 -f &quot;/Users/katsukiniwa/playground/abc-practice/c++/Makefile&quot;  VERBOSE=1 &quot;$file&quot;"/>
					<Clean command="/usr/bin/make -j12 -f &quot;/Users/katsukiniwa/playground/abc-practice/c++/Makefile&quot;  VERBOSE=1 clean"/>
					<DistClean command="/usr/bin/make -j12 -f &quot;/Users/katsukiniwa/playground/abc-practice/c++/Makefile&quot;  VERBOSE=1 clean"/>
				</MakeCommands>
			</Target>
			<Target title="ninth/fast">
				<Option output="/Users/katsukiniwa/playground/abc-practice/c++/ninth" prefix_auto="0" extension_auto="0"/>
				<Option working_dir="/Users/katsukiniwa/playground/abc-practice/c++"/>
				<Option object_output="./"/>
				<Option type="1"/>
				<Option compiler="gcc"/>
				<Compiler>
					<Add directory="/Applications/Xcode.app/Contents/Developer/Toolchains/XcodeDefault.xctoolchain/usr/bin/../include/c++/v1"/>
					<Add directory="/usr/local/include"/>
					<Add directory="/Applications/Xcode.app/Contents/Developer/Toolchains/XcodeDefault.xctoolchain/usr/lib/clang/12.0.5/include"/>
					<Add directory="/Applications/Xcode.app/Contents/Developer/Toolchains/XcodeDefault.xctoolchain/usr/include"/>
					<Add directory="/System/Library/Frameworks"/>
					<Add directory="/Library/Frameworks"/>
				</Compiler>
				<MakeCommands>
					<Build command="/usr/bin/make -j12 -f &quot;/Users/katsukiniwa/playground/abc-practice/c++/Makefile&quot;  VERBOSE=1 ninth/fast"/>
					<CompileFile command="/usr/bin/make -j12 -f &quot;/Users/katsukiniwa/playground/abc-practice/c++/Makefile&quot;  VERBOSE=1 &quot;$file&quot;"/>
					<Clean command="/usr/bin/make -j12 -f &quot;/Users/katsukiniwa/playground/abc-practice/c++/Makefile&quot;  VERBOSE=1 clean"/>
					<DistClean command="/usr/bin/make -j12 -f &quot;/Users/katsukiniwa/playground/abc-practice/c++/Makefile&quot;  VERBOSE=1 clean"/>
				</MakeCommands>
			</Target>
			<Target title="eighth">
				<Option output="/Users/katsukiniwa/playground/abc-practice/c++/eighth" prefix_auto="0" extension_auto="0"/>
				<Option working_dir="/Users/katsukiniwa/playground/abc-practice/c++"/>
				<Option object_output="./"/>
				<Option type="1"/>
				<Option compiler="gcc"/>
				<Compiler>
					<Add directory="/Applications/Xcode.app/Contents/Developer/Toolchains/XcodeDefault.xctoolchain/usr/bin/../include/c++/v1"/>
					<Add directory="/usr/local/include"/>
					<Add directory="/Applications/Xcode.app/Contents/Developer/Toolchains/XcodeDefault.xctoolchain/usr/lib/clang/12.0.5/include"/>
					<Add directory="/Applications/Xcode.app/Contents/Developer/Toolchains/XcodeDefault.xctoolchain/usr/include"/>
					<Add directory="/System/Library/Frameworks"/>
					<Add directory="/Library/Frameworks"/>
				</Compiler>
				<MakeCommands>
					<Build command="/usr/bin/make -j12 -f &quot;/Users/katsukiniwa/playground/abc-practice/c++/Makefile&quot;  VERBOSE=1 eighth"/>
					<CompileFile command="/usr/bin/make -j12 -f &quot;/Users/katsukiniwa/playground/abc-practice/c++/Makefile&quot;  VERBOSE=1 &quot;$file&quot;"/>
					<Clean command="/usr/bin/make -j12 -f &quot;/Users/katsukiniwa/playground/abc-practice/c++/Makefile&quot;  VERBOSE=1 clean"/>
					<DistClean command="/usr/bin/make -j12 -f &quot;/Users/katsukiniwa/playground/abc-practice/c++/Makefile&quot;  VERBOSE=1 clean"/>
				</MakeCommands>
			</Target>
			<Target title="eighth/fast">
				<Option output="/Users/katsukiniwa/playground/abc-practice/c++/eighth" prefix_auto="0" extension_auto="0"/>
				<Option working_dir="/Users/katsukiniwa/playground/abc-practice/c++"/>
				<Option object_output="./"/>
				<Option type="1"/>
				<Option compiler="gcc"/>
				<Compiler>
					<Add directory="/Applications/Xcode.app/Contents/Developer/Toolchains/XcodeDefault.xctoolchain/usr/bin/../include/c++/v1"/>
					<Add directory="/usr/local/include"/>
					<Add directory="/Applications/Xcode.app/Contents/Developer/Toolchains/XcodeDefault.xctoolchain/usr/lib/clang/12.0.5/include"/>
					<Add directory="/Applications/Xcode.app/Contents/Developer/Toolchains/XcodeDefault.xctoolchain/usr/include"/>
					<Add directory="/System/Library/Frameworks"/>
					<Add directory="/Library/Frameworks"/>
				</Compiler>
				<MakeCommands>
					<Build command="/usr/bin/make -j12 -f &quot;/Users/katsukiniwa/playground/abc-practice/c++/Makefile&quot;  VERBOSE=1 eighth/fast"/>
					<CompileFile command="/usr/bin/make -j12 -f &quot;/Users/katsukiniwa/playground/abc-practice/c++/Makefile&quot;  VERBOSE=1 &quot;$file&quot;"/>
					<Clean command="/usr/bin/make -j12 -f &quot;/Users/katsukiniwa/playground/abc-practice/c++/Makefile&quot;  VERBOSE=1 clean"/>
					<DistClean command="/usr/bin/make -j12 -f &quot;/Users/katsukiniwa/playground/abc-practice/c++/Makefile&quot;  VERBOSE=1 clean"/>
				</MakeCommands>
			</Target>
			<Target title="maximum-difference">
				<Option output="/Users/katsukiniwa/playground/abc-practice/c++/maximum-difference" prefix_auto="0" extension_auto="0"/>
				<Option working_dir="/Users/katsukiniwa/playground/abc-practice/c++"/>
				<Option object_output="./"/>
				<Option type="1"/>
				<Option compiler="gcc"/>
				<Compiler>
					<Add directory="/Applications/Xcode.app/Contents/Developer/Toolchains/XcodeDefault.xctoolchain/usr/bin/../include/c++/v1"/>
					<Add directory="/usr/local/include"/>
					<Add directory="/Applications/Xcode.app/Contents/Developer/Toolchains/XcodeDefault.xctoolchain/usr/lib/clang/12.0.5/include"/>
					<Add directory="/Applications/Xcode.app/Contents/Developer/Toolchains/XcodeDefault.xctoolchain/usr/include"/>
					<Add directory="/System/Library/Frameworks"/>
					<Add directory="/Library/Frameworks"/>
				</Compiler>
				<MakeCommands>
					<Build command="/usr/bin/make -j12 -f &quot;/Users/katsukiniwa/playground/abc-practice/c++/Makefile&quot;  VERBOSE=1 maximum-difference"/>
					<CompileFile command="/usr/bin/make -j12 -f &quot;/Users/katsukiniwa/playground/abc-practice/c++/Makefile&quot;  VERBOSE=1 &quot;$file&quot;"/>
					<Clean command="/usr/bin/make -j12 -f &quot;/Users/katsukiniwa/playground/abc-practice/c++/Makefile&quot;  VERBOSE=1 clean"/>
					<DistClean command="/usr/bin/make -j12 -f &quot;/Users/katsukiniwa/playground/abc-practice/c++/Makefile&quot;  VERBOSE=1 clean"/>
				</MakeCommands>
			</Target>
			<Target title="maximum-difference/fast">
				<Option output="/Users/katsukiniwa/playground/abc-practice/c++/maximum-difference" prefix_auto="0" extension_auto="0"/>
				<Option working_dir="/Users/katsukiniwa/playground/abc-practice/c++"/>
				<Option object_output="./"/>
				<Option type="1"/>
				<Option compiler="gcc"/>
				<Compiler>
					<Add directory="/Applications/Xcode.app/Contents/Developer/Toolchains/XcodeDefault.xctoolchain/usr/bin/../include/c++/v1"/>
					<Add directory="/usr/local/include"/>
					<Add directory="/Applications/Xcode.app/Contents/Developer/Toolchains/XcodeDefault.xctoolchain/usr/lib/clang/12.0.5/include"/>
					<Add directory="/Applications/Xcode.app/Contents/Developer/Toolchains/XcodeDefault.xctoolchain/usr/include"/>
					<Add directory="/System/Library/Frameworks"/>
					<Add directory="/Library/Frameworks"/>
				</Compiler>
				<MakeCommands>
					<Build command="/usr/bin/make -j12 -f &quot;/Users/katsukiniwa/playground/abc-practice/c++/Makefile&quot;  VERBOSE=1 maximum-difference/fast"/>
					<CompileFile command="/usr/bin/make -j12 -f &quot;/Users/katsukiniwa/playground/abc-practice/c++/Makefile&quot;  VERBOSE=1 &quot;$file&quot;"/>
					<Clean command="/usr/bin/make -j12 -f &quot;/Users/katsukiniwa/playground/abc-practice/c++/Makefile&quot;  VERBOSE=1 clean"/>
					<DistClean command="/usr/bin/make -j12 -f &quot;/Users/katsukiniwa/playground/abc-practice/c++/Makefile&quot;  VERBOSE=1 clean"/>
				</MakeCommands>
			</Target>
			<Target title="seventh">
				<Option output="/Users/katsukiniwa/playground/abc-practice/c++/seventh" prefix_auto="0" extension_auto="0"/>
				<Option working_dir="/Users/katsukiniwa/playground/abc-practice/c++"/>
				<Option object_output="./"/>
				<Option type="1"/>
				<Option compiler="gcc"/>
				<Compiler>
					<Add directory="/Applications/Xcode.app/Contents/Developer/Toolchains/XcodeDefault.xctoolchain/usr/bin/../include/c++/v1"/>
					<Add directory="/usr/local/include"/>
					<Add directory="/Applications/Xcode.app/Contents/Developer/Toolchains/XcodeDefault.xctoolchain/usr/lib/clang/12.0.5/include"/>
					<Add directory="/Applications/Xcode.app/Contents/Developer/Toolchains/XcodeDefault.xctoolchain/usr/include"/>
					<Add directory="/System/Library/Frameworks"/>
					<Add directory="/Library/Frameworks"/>
				</Compiler>
				<MakeCommands>
					<Build command="/usr/bin/make -j12 -f &quot;/Users/katsukiniwa/playground/abc-practice/c++/Makefile&quot;  VERBOSE=1 seventh"/>
					<CompileFile command="/usr/bin/make -j12 -f &quot;/Users/katsukiniwa/playground/abc-practice/c++/Makefile&quot;  VERBOSE=1 &quot;$file&quot;"/>
					<Clean command="/usr/bin/make -j12 -f &quot;/Users/katsukiniwa/playground/abc-practice/c++/Makefile&quot;  VERBOSE=1 clean"/>
					<DistClean command="/usr/bin/make -j12 -f &quot;/Users/katsukiniwa/playground/abc-practice/c++/Makefile&quot;  VERBOSE=1 clean"/>
				</MakeCommands>
			</Target>
			<Target title="seventh/fast">
				<Option output="/Users/katsukiniwa/playground/abc-practice/c++/seventh" prefix_auto="0" extension_auto="0"/>
				<Option working_dir="/Users/katsukiniwa/playground/abc-practice/c++"/>
				<Option object_output="./"/>
				<Option type="1"/>
				<Option compiler="gcc"/>
				<Compiler>
					<Add directory="/Applications/Xcode.app/Contents/Developer/Toolchains/XcodeDefault.xctoolchain/usr/bin/../include/c++/v1"/>
					<Add directory="/usr/local/include"/>
					<Add directory="/Applications/Xcode.app/Contents/Developer/Toolchains/XcodeDefault.xctoolchain/usr/lib/clang/12.0.5/include"/>
					<Add directory="/Applications/Xcode.app/Contents/Developer/Toolchains/XcodeDefault.xctoolchain/usr/include"/>
					<Add directory="/System/Library/Frameworks"/>
					<Add directory="/Library/Frameworks"/>
				</Compiler>
				<MakeCommands>
					<Build command="/usr/bin/make -j12 -f &quot;/Users/katsukiniwa/playground/abc-practice/c++/Makefile&quot;  VERBOSE=1 seventh/fast"/>
					<CompileFile command="/usr/bin/make -j12 -f &quot;/Users/katsukiniwa/playground/abc-practice/c++/Makefile&quot;  VERBOSE=1 &quot;$file&quot;"/>
					<Clean command="/usr/bin/make -j12 -f &quot;/Users/katsukiniwa/playground/abc-practice/c++/Makefile&quot;  VERBOSE=1 clean"/>
					<DistClean command="/usr/bin/make -j12 -f &quot;/Users/katsukiniwa/playground/abc-practice/c++/Makefile&quot;  VERBOSE=1 clean"/>
				</MakeCommands>
			</Target>
			<Target title="sixth">
				<Option output="/Users/katsukiniwa/playground/abc-practice/c++/sixth" prefix_auto="0" extension_auto="0"/>
				<Option working_dir="/Users/katsukiniwa/playground/abc-practice/c++"/>
				<Option object_output="./"/>
				<Option type="1"/>
				<Option compiler="gcc"/>
				<Compiler>
					<Add directory="/Applications/Xcode.app/Contents/Developer/Toolchains/XcodeDefault.xctoolchain/usr/bin/../include/c++/v1"/>
					<Add directory="/usr/local/include"/>
					<Add directory="/Applications/Xcode.app/Contents/Developer/Toolchains/XcodeDefault.xctoolchain/usr/lib/clang/12.0.5/include"/>
					<Add directory="/Applications/Xcode.app/Contents/Developer/Toolchains/XcodeDefault.xctoolchain/usr/include"/>
					<Add directory="/System/Library/Frameworks"/>
					<Add directory="/Library/Frameworks"/>
				</Compiler>
				<MakeCommands>
					<Build command="/usr/bin/make -j12 -f &quot;/Users/katsukiniwa/playground/abc-practice/c++/Makefile&quot;  VERBOSE=1 sixth"/>
					<CompileFile command="/usr/bin/make -j12 -f &quot;/Users/katsukiniwa/playground/abc-practice/c++/Makefile&quot;  VERBOSE=1 &quot;$file&quot;"/>
					<Clean command="/usr/bin/make -j12 -f &quot;/Users/katsukiniwa/playground/abc-practice/c++/Makefile&quot;  VERBOSE=1 clean"/>
					<DistClean command="/usr/bin/make -j12 -f &quot;/Users/katsukiniwa/playground/abc-practice/c++/Makefile&quot;  VERBOSE=1 clean"/>
				</MakeCommands>
			</Target>
			<Target title="sixth/fast">
				<Option output="/Users/katsukiniwa/playground/abc-practice/c++/sixth" prefix_auto="0" extension_auto="0"/>
				<Option working_dir="/Users/katsukiniwa/playground/abc-practice/c++"/>
				<Option object_output="./"/>
				<Option type="1"/>
				<Option compiler="gcc"/>
				<Compiler>
					<Add directory="/Applications/Xcode.app/Contents/Developer/Toolchains/XcodeDefault.xctoolchain/usr/bin/../include/c++/v1"/>
					<Add directory="/usr/local/include"/>
					<Add directory="/Applications/Xcode.app/Contents/Developer/Toolchains/XcodeDefault.xctoolchain/usr/lib/clang/12.0.5/include"/>
					<Add directory="/Applications/Xcode.app/Contents/Developer/Toolchains/XcodeDefault.xctoolchain/usr/include"/>
					<Add directory="/System/Library/Frameworks"/>
					<Add directory="/Library/Frameworks"/>
				</Compiler>
				<MakeCommands>
					<Build command="/usr/bin/make -j12 -f &quot;/Users/katsukiniwa/playground/abc-practice/c++/Makefile&quot;  VERBOSE=1 sixth/fast"/>
					<CompileFile command="/usr/bin/make -j12 -f &quot;/Users/katsukiniwa/playground/abc-practice/c++/Makefile&quot;  VERBOSE=1 &quot;$file&quot;"/>
					<Clean command="/usr/bin/make -j12 -f &quot;/Users/katsukiniwa/playground/abc-practice/c++/Makefile&quot;  VERBOSE=1 clean"/>
					<DistClean command="/usr/bin/make -j12 -f &quot;/Users/katsukiniwa/playground/abc-practice/c++/Makefile&quot;  VERBOSE=1 clean"/>
				</MakeCommands>
			</Target>
			<Target title="fifth">
				<Option output="/Users/katsukiniwa/playground/abc-practice/c++/fifth" prefix_auto="0" extension_auto="0"/>
				<Option working_dir="/Users/katsukiniwa/playground/abc-practice/c++"/>
				<Option object_output="./"/>
				<Option type="1"/>
				<Option compiler="gcc"/>
				<Compiler>
					<Add directory="/Applications/Xcode.app/Contents/Developer/Toolchains/XcodeDefault.xctoolchain/usr/bin/../include/c++/v1"/>
					<Add directory="/usr/local/include"/>
					<Add directory="/Applications/Xcode.app/Contents/Developer/Toolchains/XcodeDefault.xctoolchain/usr/lib/clang/12.0.5/include"/>
					<Add directory="/Applications/Xcode.app/Contents/Developer/Toolchains/XcodeDefault.xctoolchain/usr/include"/>
					<Add directory="/System/Library/Frameworks"/>
					<Add directory="/Library/Frameworks"/>
				</Compiler>
				<MakeCommands>
					<Build command="/usr/bin/make -j12 -f &quot;/Users/katsukiniwa/playground/abc-practice/c++/Makefile&quot;  VERBOSE=1 fifth"/>
					<CompileFile command="/usr/bin/make -j12 -f &quot;/Users/katsukiniwa/playground/abc-practice/c++/Makefile&quot;  VERBOSE=1 &quot;$file&quot;"/>
					<Clean command="/usr/bin/make -j12 -f &quot;/Users/katsukiniwa/playground/abc-practice/c++/Makefile&quot;  VERBOSE=1 clean"/>
					<DistClean command="/usr/bin/make -j12 -f &quot;/Users/katsukiniwa/playground/abc-practice/c++/Makefile&quot;  VERBOSE=1 clean"/>
				</MakeCommands>
			</Target>
			<Target title="fifth/fast">
				<Option output="/Users/katsukiniwa/playground/abc-practice/c++/fifth" prefix_auto="0" extension_auto="0"/>
				<Option working_dir="/Users/katsukiniwa/playground/abc-practice/c++"/>
				<Option object_output="./"/>
				<Option type="1"/>
				<Option compiler="gcc"/>
				<Compiler>
					<Add directory="/Applications/Xcode.app/Contents/Developer/Toolchains/XcodeDefault.xctoolchain/usr/bin/../include/c++/v1"/>
					<Add directory="/usr/local/include"/>
					<Add directory="/Applications/Xcode.app/Contents/Developer/Toolchains/XcodeDefault.xctoolchain/usr/lib/clang/12.0.5/include"/>
					<Add directory="/Applications/Xcode.app/Contents/Developer/Toolchains/XcodeDefault.xctoolchain/usr/include"/>
					<Add directory="/System/Library/Frameworks"/>
					<Add directory="/Library/Frameworks"/>
				</Compiler>
				<MakeCommands>
					<Build command="/usr/bin/make -j12 -f &quot;/Users/katsukiniwa/playground/abc-practice/c++/Makefile&quot;  VERBOSE=1 fifth/fast"/>
					<CompileFile command="/usr/bin/make -j12 -f &quot;/Users/katsukiniwa/playground/abc-practice/c++/Makefile&quot;  VERBOSE=1 &quot;$file&quot;"/>
					<Clean command="/usr/bin/make -j12 -f &quot;/Users/katsukiniwa/playground/abc-practice/c++/Makefile&quot;  VERBOSE=1 clean"/>
					<DistClean command="/usr/bin/make -j12 -f &quot;/Users/katsukiniwa/playground/abc-practice/c++/Makefile&quot;  VERBOSE=1 clean"/>
				</MakeCommands>
			</Target>
			<Target title="c__">
				<Option output="/Users/katsukiniwa/playground/abc-practice/c++/c__" prefix_auto="0" extension_auto="0"/>
				<Option working_dir="/Users/katsukiniwa/playground/abc-practice/c++"/>
				<Option object_output="./"/>
				<Option type="1"/>
				<Option compiler="gcc"/>
				<Compiler>
					<Add directory="/Applications/Xcode.app/Contents/Developer/Toolchains/XcodeDefault.xctoolchain/usr/bin/../include/c++/v1"/>
					<Add directory="/usr/local/include"/>
					<Add directory="/Applications/Xcode.app/Contents/Developer/Toolchains/XcodeDefault.xctoolchain/usr/lib/clang/12.0.5/include"/>
					<Add directory="/Applications/Xcode.app/Contents/Developer/Toolchains/XcodeDefault.xctoolchain/usr/include"/>
					<Add directory="/System/Library/Frameworks"/>
					<Add directory="/Library/Frameworks"/>
				</Compiler>
				<MakeCommands>
					<Build command="/usr/bin/make -j12 -f &quot;/Users/katsukiniwa/playground/abc-practice/c++/Makefile&quot;  VERBOSE=1 c__"/>
					<CompileFile command="/usr/bin/make -j12 -f &quot;/Users/katsukiniwa/playground/abc-practice/c++/Makefile&quot;  VERBOSE=1 &quot;$file&quot;"/>
					<Clean command="/usr/bin/make -j12 -f &quot;/Users/katsukiniwa/playground/abc-practice/c++/Makefile&quot;  VERBOSE=1 clean"/>
					<DistClean command="/usr/bin/make -j12 -f &quot;/Users/katsukiniwa/playground/abc-practice/c++/Makefile&quot;  VERBOSE=1 clean"/>
				</MakeCommands>
			</Target>
			<Target title="c__/fast">
				<Option output="/Users/katsukiniwa/playground/abc-practice/c++/c__" prefix_auto="0" extension_auto="0"/>
				<Option working_dir="/Users/katsukiniwa/playground/abc-practice/c++"/>
				<Option object_output="./"/>
				<Option type="1"/>
				<Option compiler="gcc"/>
				<Compiler>
					<Add directory="/Applications/Xcode.app/Contents/Developer/Toolchains/XcodeDefault.xctoolchain/usr/bin/../include/c++/v1"/>
					<Add directory="/usr/local/include"/>
					<Add directory="/Applications/Xcode.app/Contents/Developer/Toolchains/XcodeDefault.xctoolchain/usr/lib/clang/12.0.5/include"/>
					<Add directory="/Applications/Xcode.app/Contents/Developer/Toolchains/XcodeDefault.xctoolchain/usr/include"/>
					<Add directory="/System/Library/Frameworks"/>
					<Add directory="/Library/Frameworks"/>
				</Compiler>
				<MakeCommands>
					<Build command="/usr/bin/make -j12 -f &quot;/Users/katsukiniwa/playground/abc-practice/c++/Makefile&quot;  VERBOSE=1 c__/fast"/>
					<CompileFile command="/usr/bin/make -j12 -f &quot;/Users/katsukiniwa/playground/abc-practice/c++/Makefile&quot;  VERBOSE=1 &quot;$file&quot;"/>
					<Clean command="/usr/bin/make -j12 -f &quot;/Users/katsukiniwa/playground/abc-practice/c++/Makefile&quot;  VERBOSE=1 clean"/>
					<DistClean command="/usr/bin/make -j12 -f &quot;/Users/katsukiniwa/playground/abc-practice/c++/Makefile&quot;  VERBOSE=1 clean"/>
				</MakeCommands>
			</Target>
			<Target title="break-number">
				<Option output="/Users/katsukiniwa/playground/abc-practice/c++/break-number" prefix_auto="0" extension_auto="0"/>
				<Option working_dir="/Users/katsukiniwa/playground/abc-practice/c++"/>
				<Option object_output="./"/>
				<Option type="1"/>
				<Option compiler="gcc"/>
				<Compiler>
					<Add directory="/Applications/Xcode.app/Contents/Developer/Toolchains/XcodeDefault.xctoolchain/usr/bin/../include/c++/v1"/>
					<Add directory="/usr/local/include"/>
					<Add directory="/Applications/Xcode.app/Contents/Developer/Toolchains/XcodeDefault.xctoolchain/usr/lib/clang/12.0.5/include"/>
					<Add directory="/Applications/Xcode.app/Contents/Developer/Toolchains/XcodeDefault.xctoolchain/usr/include"/>
					<Add directory="/System/Library/Frameworks"/>
					<Add directory="/Library/Frameworks"/>
				</Compiler>
				<MakeCommands>
					<Build command="/usr/bin/make -j12 -f &quot;/Users/katsukiniwa/playground/abc-practice/c++/Makefile&quot;  VERBOSE=1 break-number"/>
					<CompileFile command="/usr/bin/make -j12 -f &quot;/Users/katsukiniwa/playground/abc-practice/c++/Makefile&quot;  VERBOSE=1 &quot;$file&quot;"/>
					<Clean command="/usr/bin/make -j12 -f &quot;/Users/katsukiniwa/playground/abc-practice/c++/Makefile&quot;  VERBOSE=1 clean"/>
					<DistClean command="/usr/bin/make -j12 -f &quot;/Users/katsukiniwa/playground/abc-practice/c++/Makefile&quot;  VERBOSE=1 clean"/>
				</MakeCommands>
			</Target>
			<Target title="break-number/fast">
				<Option output="/Users/katsukiniwa/playground/abc-practice/c++/break-number" prefix_auto="0" extension_auto="0"/>
				<Option working_dir="/Users/katsukiniwa/playground/abc-practice/c++"/>
				<Option object_output="./"/>
				<Option type="1"/>
				<Option compiler="gcc"/>
				<Compiler>
					<Add directory="/Applications/Xcode.app/Contents/Developer/Toolchains/XcodeDefault.xctoolchain/usr/bin/../include/c++/v1"/>
					<Add directory="/usr/local/include"/>
					<Add directory="/Applications/Xcode.app/Contents/Developer/Toolchains/XcodeDefault.xctoolchain/usr/lib/clang/12.0.5/include"/>
					<Add directory="/Applications/Xcode.app/Contents/Developer/Toolchains/XcodeDefault.xctoolchain/usr/include"/>
					<Add directory="/System/Library/Frameworks"/>
					<Add directory="/Library/Frameworks"/>
				</Compiler>
				<MakeCommands>
					<Build command="/usr/bin/make -j12 -f &quot;/Users/katsukiniwa/playground/abc-practice/c++/Makefile&quot;  VERBOSE=1 break-number/fast"/>
					<CompileFile command="/usr/bin/make -j12 -f &quot;/Users/katsukiniwa/playground/abc-practice/c++/Makefile&quot;  VERBOSE=1 &quot;$file&quot;"/>
					<Clean command="/usr/bin/make -j12 -f &quot;/Users/katsukiniwa/playground/abc-practice/c++/Makefile&quot;  VERBOSE=1 clean"/>
					<DistClean command="/usr/bin/make -j12 -f &quot;/Users/katsukiniwa/playground/abc-practice/c++/Makefile&quot;  VERBOSE=1 clean"/>
				</MakeCommands>
			</Target>
			<Target title="two-anagrams">
				<Option output="/Users/katsukiniwa/playground/abc-practice/c++/two-anagrams" prefix_auto="0" extension_auto="0"/>
				<Option working_dir="/Users/katsukiniwa/playground/abc-practice/c++"/>
				<Option object_output="./"/>
				<Option type="1"/>
				<Option compiler="gcc"/>
				<Compiler>
					<Add directory="/Applications/Xcode.app/Contents/Developer/Toolchains/XcodeDefault.xctoolchain/usr/bin/../include/c++/v1"/>
					<Add directory="/usr/local/include"/>
					<Add directory="/Applications/Xcode.app/Contents/Developer/Toolchains/XcodeDefault.xctoolchain/usr/lib/clang/12.0.5/include"/>
					<Add directory="/Applications/Xcode.app/Contents/Developer/Toolchains/XcodeDefault.xctoolchain/usr/include"/>
					<Add directory="/System/Library/Frameworks"/>
					<Add directory="/Library/Frameworks"/>
				</Compiler>
				<MakeCommands>
					<Build command="/usr/bin/make -j12 -f &quot;/Users/katsukiniwa/playground/abc-practice/c++/Makefile&quot;  VERBOSE=1 two-anagrams"/>
					<CompileFile command="/usr/bin/make -j12 -f &quot;/Users/katsukiniwa/playground/abc-practice/c++/Makefile&quot;  VERBOSE=1 &quot;$file&quot;"/>
					<Clean command="/usr/bin/make -j12 -f &quot;/Users/katsukiniwa/playground/abc-practice/c++/Makefile&quot;  VERBOSE=1 clean"/>
					<DistClean command="/usr/bin/make -j12 -f &quot;/Users/katsukiniwa/playground/abc-practice/c++/Makefile&quot;  VERBOSE=1 clean"/>
				</MakeCommands>
			</Target>
			<Target title="two-anagrams/fast">
				<Option output="/Users/katsukiniwa/playground/abc-practice/c++/two-anagrams" prefix_auto="0" extension_auto="0"/>
				<Option working_dir="/Users/katsukiniwa/playground/abc-practice/c++"/>
				<Option object_output="./"/>
				<Option type="1"/>
				<Option compiler="gcc"/>
				<Compiler>
					<Add directory="/Applications/Xcode.app/Contents/Developer/Toolchains/XcodeDefault.xctoolchain/usr/bin/../include/c++/v1"/>
					<Add directory="/usr/local/include"/>
					<Add directory="/Applications/Xcode.app/Contents/Developer/Toolchains/XcodeDefault.xctoolchain/usr/lib/clang/12.0.5/include"/>
					<Add directory="/Applications/Xcode.app/Contents/Developer/Toolchains/XcodeDefault.xctoolchain/usr/include"/>
					<Add directory="/System/Library/Frameworks"/>
					<Add directory="/Library/Frameworks"/>
				</Compiler>
				<MakeCommands>
					<Build command="/usr/bin/make -j12 -f &quot;/Users/katsukiniwa/playground/abc-practice/c++/Makefile&quot;  VERBOSE=1 two-anagrams/fast"/>
					<CompileFile command="/usr/bin/make -j12 -f &quot;/Users/katsukiniwa/playground/abc-practice/c++/Makefile&quot;  VERBOSE=1 &quot;$file&quot;"/>
					<Clean command="/usr/bin/make -j12 -f &quot;/Users/katsukiniwa/playground/abc-practice/c++/Makefile&quot;  VERBOSE=1 clean"/>
					<DistClean command="/usr/bin/make -j12 -f &quot;/Users/katsukiniwa/playground/abc-practice/c++/Makefile&quot;  VERBOSE=1 clean"/>
				</MakeCommands>
			</Target>
			<Target title="infinite-coins">
				<Option output="/Users/katsukiniwa/playground/abc-practice/c++/infinite-coins" prefix_auto="0" extension_auto="0"/>
				<Option working_dir="/Users/katsukiniwa/playground/abc-practice/c++"/>
				<Option object_output="./"/>
				<Option type="1"/>
				<Option compiler="gcc"/>
				<Compiler>
					<Add directory="/Applications/Xcode.app/Contents/Developer/Toolchains/XcodeDefault.xctoolchain/usr/bin/../include/c++/v1"/>
					<Add directory="/usr/local/include"/>
					<Add directory="/Applications/Xcode.app/Contents/Developer/Toolchains/XcodeDefault.xctoolchain/usr/lib/clang/12.0.5/include"/>
					<Add directory="/Applications/Xcode.app/Contents/Developer/Toolchains/XcodeDefault.xctoolchain/usr/include"/>
					<Add directory="/System/Library/Frameworks"/>
					<Add directory="/Library/Frameworks"/>
				</Compiler>
				<MakeCommands>
					<Build command="/usr/bin/make -j12 -f &quot;/Users/katsukiniwa/playground/abc-practice/c++/Makefile&quot;  VERBOSE=1 infinite-coins"/>
					<CompileFile command="/usr/bin/make -j12 -f &quot;/Users/katsukiniwa/playground/abc-practice/c++/Makefile&quot;  VERBOSE=1 &quot;$file&quot;"/>
					<Clean command="/usr/bin/make -j12 -f &quot;/Users/katsukiniwa/playground/abc-practice/c++/Makefile&quot;  VERBOSE=1 clean"/>
					<DistClean command="/usr/bin/make -j12 -f &quot;/Users/katsukiniwa/playground/abc-practice/c++/Makefile&quot;  VERBOSE=1 clean"/>
				</MakeCommands>
			</Target>
			<Target title="infinite-coins/fast">
				<Option output="/Users/katsukiniwa/playground/abc-practice/c++/infinite-coins" prefix_auto="0" extension_auto="0"/>
				<Option working_dir="/Users/katsukiniwa/playground/abc-practice/c++"/>
				<Option object_output="./"/>
				<Option type="1"/>
				<Option compiler="gcc"/>
				<Compiler>
					<Add directory="/Applications/Xcode.app/Contents/Developer/Toolchains/XcodeDefault.xctoolchain/usr/bin/../include/c++/v1"/>
					<Add directory="/usr/local/include"/>
					<Add directory="/Applications/Xcode.app/Contents/Developer/Toolchains/XcodeDefault.xctoolchain/usr/lib/clang/12.0.5/include"/>
					<Add directory="/Applications/Xcode.app/Contents/Developer/Toolchains/XcodeDefault.xctoolchain/usr/include"/>
					<Add directory="/System/Library/Frameworks"/>
					<Add directory="/Library/Frameworks"/>
				</Compiler>
				<MakeCommands>
					<Build command="/usr/bin/make -j12 -f &quot;/Users/katsukiniwa/playground/abc-practice/c++/Makefile&quot;  VERBOSE=1 infinite-coins/fast"/>
					<CompileFile command="/usr/bin/make -j12 -f &quot;/Users/katsukiniwa/playground/abc-practice/c++/Makefile&quot;  VERBOSE=1 &quot;$file&quot;"/>
					<Clean command="/usr/bin/make -j12 -f &quot;/Users/katsukiniwa/playground/abc-practice/c++/Makefile&quot;  VERBOSE=1 clean"/>
					<DistClean command="/usr/bin/make -j12 -f &quot;/Users/katsukiniwa/playground/abc-practice/c++/Makefile&quot;  VERBOSE=1 clean"/>
				</MakeCommands>
			</Target>
			<Target title="first">
				<Option output="/Users/katsukiniwa/playground/abc-practice/c++/first" prefix_auto="0" extension_auto="0"/>
				<Option working_dir="/Users/katsukiniwa/playground/abc-practice/c++"/>
				<Option object_output="./"/>
				<Option type="1"/>
				<Option compiler="gcc"/>
				<Compiler>
					<Add directory="/Applications/Xcode.app/Contents/Developer/Toolchains/XcodeDefault.xctoolchain/usr/bin/../include/c++/v1"/>
					<Add directory="/usr/local/include"/>
					<Add directory="/Applications/Xcode.app/Contents/Developer/Toolchains/XcodeDefault.xctoolchain/usr/lib/clang/12.0.5/include"/>
					<Add directory="/Applications/Xcode.app/Contents/Developer/Toolchains/XcodeDefault.xctoolchain/usr/include"/>
					<Add directory="/System/Library/Frameworks"/>
					<Add directory="/Library/Frameworks"/>
				</Compiler>
				<MakeCommands>
					<Build command="/usr/bin/make -j12 -f &quot;/Users/katsukiniwa/playground/abc-practice/c++/Makefile&quot;  VERBOSE=1 first"/>
					<CompileFile command="/usr/bin/make -j12 -f &quot;/Users/katsukiniwa/playground/abc-practice/c++/Makefile&quot;  VERBOSE=1 &quot;$file&quot;"/>
					<Clean command="/usr/bin/make -j12 -f &quot;/Users/katsukiniwa/playground/abc-practice/c++/Makefile&quot;  VERBOSE=1 clean"/>
					<DistClean command="/usr/bin/make -j12 -f &quot;/Users/katsukiniwa/playground/abc-practice/c++/Makefile&quot;  VERBOSE=1 clean"/>
				</MakeCommands>
			</Target>
			<Target title="first/fast">
				<Option output="/Users/katsukiniwa/playground/abc-practice/c++/first" prefix_auto="0" extension_auto="0"/>
				<Option working_dir="/Users/katsukiniwa/playground/abc-practice/c++"/>
				<Option object_output="./"/>
				<Option type="1"/>
				<Option compiler="gcc"/>
				<Compiler>
					<Add directory="/Applications/Xcode.app/Contents/Developer/Toolchains/XcodeDefault.xctoolchain/usr/bin/../include/c++/v1"/>
					<Add directory="/usr/local/include"/>
					<Add directory="/Applications/Xcode.app/Contents/Developer/Toolchains/XcodeDefault.xctoolchain/usr/lib/clang/12.0.5/include"/>
					<Add directory="/Applications/Xcode.app/Contents/Developer/Toolchains/XcodeDefault.xctoolchain/usr/include"/>
					<Add directory="/System/Library/Frameworks"/>
					<Add directory="/Library/Frameworks"/>
				</Compiler>
				<MakeCommands>
					<Build command="/usr/bin/make -j12 -f &quot;/Users/katsukiniwa/playground/abc-practice/c++/Makefile&quot;  VERBOSE=1 first/fast"/>
					<CompileFile command="/usr/bin/make -j12 -f &quot;/Users/katsukiniwa/playground/abc-practice/c++/Makefile&quot;  VERBOSE=1 &quot;$file&quot;"/>
					<Clean command="/usr/bin/make -j12 -f &quot;/Users/katsukiniwa/playground/abc-practice/c++/Makefile&quot;  VERBOSE=1 clean"/>
					<DistClean command="/usr/bin/make -j12 -f &quot;/Users/katsukiniwa/playground/abc-practice/c++/Makefile&quot;  VERBOSE=1 clean"/>
				</MakeCommands>
			</Target>
			<Target title="third">
				<Option output="/Users/katsukiniwa/playground/abc-practice/c++/third" prefix_auto="0" extension_auto="0"/>
				<Option working_dir="/Users/katsukiniwa/playground/abc-practice/c++"/>
				<Option object_output="./"/>
				<Option type="1"/>
				<Option compiler="gcc"/>
				<Compiler>
					<Add directory="/Applications/Xcode.app/Contents/Developer/Toolchains/XcodeDefault.xctoolchain/usr/bin/../include/c++/v1"/>
					<Add directory="/usr/local/include"/>
					<Add directory="/Applications/Xcode.app/Contents/Developer/Toolchains/XcodeDefault.xctoolchain/usr/lib/clang/12.0.5/include"/>
					<Add directory="/Applications/Xcode.app/Contents/Developer/Toolchains/XcodeDefault.xctoolchain/usr/include"/>
					<Add directory="/System/Library/Frameworks"/>
					<Add directory="/Library/Frameworks"/>
				</Compiler>
				<MakeCommands>
					<Build command="/usr/bin/make -j12 -f &quot;/Users/katsukiniwa/playground/abc-practice/c++/Makefile&quot;  VERBOSE=1 third"/>
					<CompileFile command="/usr/bin/make -j12 -f &quot;/Users/katsukiniwa/playground/abc-practice/c++/Makefile&quot;  VERBOSE=1 &quot;$file&quot;"/>
					<Clean command="/usr/bin/make -j12 -f &quot;/Users/katsukiniwa/playground/abc-practice/c++/Makefile&quot;  VERBOSE=1 clean"/>
					<DistClean command="/usr/bin/make -j12 -f &quot;/Users/katsukiniwa/playground/abc-practice/c++/Makefile&quot;  VERBOSE=1 clean"/>
				</MakeCommands>
			</Target>
			<Target title="third/fast">
				<Option output="/Users/katsukiniwa/playground/abc-practice/c++/third" prefix_auto="0" extension_auto="0"/>
				<Option working_dir="/Users/katsukiniwa/playground/abc-practice/c++"/>
				<Option object_output="./"/>
				<Option type="1"/>
				<Option compiler="gcc"/>
				<Compiler>
					<Add directory="/Applications/Xcode.app/Contents/Developer/Toolchains/XcodeDefault.xctoolchain/usr/bin/../include/c++/v1"/>
					<Add directory="/usr/local/include"/>
					<Add directory="/Applications/Xcode.app/Contents/Developer/Toolchains/XcodeDefault.xctoolchain/usr/lib/clang/12.0.5/include"/>
					<Add directory="/Applications/Xcode.app/Contents/Developer/Toolchains/XcodeDefault.xctoolchain/usr/include"/>
					<Add directory="/System/Library/Frameworks"/>
					<Add directory="/Library/Frameworks"/>
				</Compiler>
				<MakeCommands>
					<Build command="/usr/bin/make -j12 -f &quot;/Users/katsukiniwa/playground/abc-practice/c++/Makefile&quot;  VERBOSE=1 third/fast"/>
					<CompileFile command="/usr/bin/make -j12 -f &quot;/Users/katsukiniwa/playground/abc-practice/c++/Makefile&quot;  VERBOSE=1 &quot;$file&quot;"/>
					<Clean command="/usr/bin/make -j12 -f &quot;/Users/katsukiniwa/playground/abc-practice/c++/Makefile&quot;  VERBOSE=1 clean"/>
					<DistClean command="/usr/bin/make -j12 -f &quot;/Users/katsukiniwa/playground/abc-practice/c++/Makefile&quot;  VERBOSE=1 clean"/>
				</MakeCommands>
			</Target>
			<Target title="atcoder-market">
				<Option output="/Users/katsukiniwa/playground/abc-practice/c++/atcoder-market" prefix_auto="0" extension_auto="0"/>
				<Option working_dir="/Users/katsukiniwa/playground/abc-practice/c++"/>
				<Option object_output="./"/>
				<Option type="1"/>
				<Option compiler="gcc"/>
				<Compiler>
					<Add directory="/Applications/Xcode.app/Contents/Developer/Toolchains/XcodeDefault.xctoolchain/usr/bin/../include/c++/v1"/>
					<Add directory="/usr/local/include"/>
					<Add directory="/Applications/Xcode.app/Contents/Developer/Toolchains/XcodeDefault.xctoolchain/usr/lib/clang/12.0.5/include"/>
					<Add directory="/Applications/Xcode.app/Contents/Developer/Toolchains/XcodeDefault.xctoolchain/usr/include"/>
					<Add directory="/System/Library/Frameworks"/>
					<Add directory="/Library/Frameworks"/>
				</Compiler>
				<MakeCommands>
					<Build command="/usr/bin/make -j12 -f &quot;/Users/katsukiniwa/playground/abc-practice/c++/Makefile&quot;  VERBOSE=1 atcoder-market"/>
					<CompileFile command="/usr/bin/make -j12 -f &quot;/Users/katsukiniwa/playground/abc-practice/c++/Makefile&quot;  VERBOSE=1 &quot;$file&quot;"/>
					<Clean command="/usr/bin/make -j12 -f &quot;/Users/katsukiniwa/playground/abc-practice/c++/Makefile&quot;  VERBOSE=1 clean"/>
					<DistClean command="/usr/bin/make -j12 -f &quot;/Users/katsukiniwa/playground/abc-practice/c++/Makefile&quot;  VERBOSE=1 clean"/>
				</MakeCommands>
			</Target>
			<Target title="atcoder-market/fast">
				<Option output="/Users/katsukiniwa/playground/abc-practice/c++/atcoder-market" prefix_auto="0" extension_auto="0"/>
				<Option working_dir="/Users/katsukiniwa/playground/abc-practice/c++"/>
				<Option object_output="./"/>
				<Option type="1"/>
				<Option compiler="gcc"/>
				<Compiler>
					<Add directory="/Applications/Xcode.app/Contents/Developer/Toolchains/XcodeDefault.xctoolchain/usr/bin/../include/c++/v1"/>
					<Add directory="/usr/local/include"/>
					<Add directory="/Applications/Xcode.app/Contents/Developer/Toolchains/XcodeDefault.xctoolchain/usr/lib/clang/12.0.5/include"/>
					<Add directory="/Applications/Xcode.app/Contents/Developer/Toolchains/XcodeDefault.xctoolchain/usr/include"/>
					<Add directory="/System/Library/Frameworks"/>
					<Add directory="/Library/Frameworks"/>
				</Compiler>
				<MakeCommands>
					<Build command="/usr/bin/make -j12 -f &quot;/Users/katsukiniwa/playground/abc-practice/c++/Makefile&quot;  VERBOSE=1 atcoder-market/fast"/>
					<CompileFile command="/usr/bin/make -j12 -f &quot;/Users/katsukiniwa/playground/abc-practice/c++/Makefile&quot;  VERBOSE=1 &quot;$file&quot;"/>
					<Clean command="/usr/bin/make -j12 -f &quot;/Users/katsukiniwa/playground/abc-practice/c++/Makefile&quot;  VERBOSE=1 clean"/>
					<DistClean command="/usr/bin/make -j12 -f &quot;/Users/katsukiniwa/playground/abc-practice/c++/Makefile&quot;  VERBOSE=1 clean"/>
				</MakeCommands>
			</Target>
			<Target title="second">
				<Option output="/Users/katsukiniwa/playground/abc-practice/c++/second" prefix_auto="0" extension_auto="0"/>
				<Option working_dir="/Users/katsukiniwa/playground/abc-practice/c++"/>
				<Option object_output="./"/>
				<Option type="1"/>
				<Option compiler="gcc"/>
				<Compiler>
					<Add directory="/Applications/Xcode.app/Contents/Developer/Toolchains/XcodeDefault.xctoolchain/usr/bin/../include/c++/v1"/>
					<Add directory="/usr/local/include"/>
					<Add directory="/Applications/Xcode.app/Contents/Developer/Toolchains/XcodeDefault.xctoolchain/usr/lib/clang/12.0.5/include"/>
					<Add directory="/Applications/Xcode.app/Contents/Developer/Toolchains/XcodeDefault.xctoolchain/usr/include"/>
					<Add directory="/System/Library/Frameworks"/>
					<Add directory="/Library/Frameworks"/>
				</Compiler>
				<MakeCommands>
					<Build command="/usr/bin/make -j12 -f &quot;/Users/katsukiniwa/playground/abc-practice/c++/Makefile&quot;  VERBOSE=1 second"/>
					<CompileFile command="/usr/bin/make -j12 -f &quot;/Users/katsukiniwa/playground/abc-practice/c++/Makefile&quot;  VERBOSE=1 &quot;$file&quot;"/>
					<Clean command="/usr/bin/make -j12 -f &quot;/Users/katsukiniwa/playground/abc-practice/c++/Makefile&quot;  VERBOSE=1 clean"/>
					<DistClean command="/usr/bin/make -j12 -f &quot;/Users/katsukiniwa/playground/abc-practice/c++/Makefile&quot;  VERBOSE=1 clean"/>
				</MakeCommands>
			</Target>
			<Target title="second/fast">
				<Option output="/Users/katsukiniwa/playground/abc-practice/c++/second" prefix_auto="0" extension_auto="0"/>
				<Option working_dir="/Users/katsukiniwa/playground/abc-practice/c++"/>
				<Option object_output="./"/>
				<Option type="1"/>
				<Option compiler="gcc"/>
				<Compiler>
					<Add directory="/Applications/Xcode.app/Contents/Developer/Toolchains/XcodeDefault.xctoolchain/usr/bin/../include/c++/v1"/>
					<Add directory="/usr/local/include"/>
					<Add directory="/Applications/Xcode.app/Contents/Developer/Toolchains/XcodeDefault.xctoolchain/usr/lib/clang/12.0.5/include"/>
					<Add directory="/Applications/Xcode.app/Contents/Developer/Toolchains/XcodeDefault.xctoolchain/usr/include"/>
					<Add directory="/System/Library/Frameworks"/>
					<Add directory="/Library/Frameworks"/>
				</Compiler>
				<MakeCommands>
					<Build command="/usr/bin/make -j12 -f &quot;/Users/katsukiniwa/playground/abc-practice/c++/Makefile&quot;  VERBOSE=1 second/fast"/>
					<CompileFile command="/usr/bin/make -j12 -f &quot;/Users/katsukiniwa/playground/abc-practice/c++/Makefile&quot;  VERBOSE=1 &quot;$file&quot;"/>
					<Clean command="/usr/bin/make -j12 -f &quot;/Users/katsukiniwa/playground/abc-practice/c++/Makefile&quot;  VERBOSE=1 clean"/>
					<DistClean command="/usr/bin/make -j12 -f &quot;/Users/katsukiniwa/playground/abc-practice/c++/Makefile&quot;  VERBOSE=1 clean"/>
				</MakeCommands>
			</Target>
		</Build>
		<Unit filename="/Users/katsukiniwa/playground/abc-practice/c++/first-ten-problems/eighth.cpp">
			<Option target="eighth"/>
		</Unit>
		<Unit filename="/Users/katsukiniwa/playground/abc-practice/c++/first-ten-problems/fifth.cpp">
			<Option target="fifth"/>
		</Unit>
		<Unit filename="/Users/katsukiniwa/playground/abc-practice/c++/first-ten-problems/first.cpp">
			<Option target="first"/>
		</Unit>
		<Unit filename="/Users/katsukiniwa/playground/abc-practice/c++/first-ten-problems/forth.cpp">
			<Option target="forth"/>
		</Unit>
		<Unit filename="/Users/katsukiniwa/playground/abc-practice/c++/first-ten-problems/ninth.cpp">
			<Option target="ninth"/>
		</Unit>
		<Unit filename="/Users/katsukiniwa/playground/abc-practice/c++/first-ten-problems/second.cpp">
			<Option target="second"/>
		</Unit>
		<Unit filename="/Users/katsukiniwa/playground/abc-practice/c++/first-ten-problems/seventh.cpp">
			<Option target="seventh"/>
		</Unit>
		<Unit filename="/Users/katsukiniwa/playground/abc-practice/c++/first-ten-problems/sixth.cpp">
			<Option target="sixth"/>
		</Unit>
		<Unit filename="/Users/katsukiniwa/playground/abc-practice/c++/first-ten-problems/tenth.cpp">
			<Option target="tenth"/>
		</Unit>
		<Unit filename="/Users/katsukiniwa/playground/abc-practice/c++/first-ten-problems/third.cpp">
			<Option target="third"/>
		</Unit>
		<Unit filename="/Users/katsukiniwa/playground/abc-practice/c++/main.cpp">
			<Option target="c__"/>
		</Unit>
		<Unit filename="/Users/katsukiniwa/playground/abc-practice/c++/one-hundred-problems/105.cpp">
			<Option target="105"/>
		</Unit>
		<Unit filename="/Users/katsukiniwa/playground/abc-practice/c++/one-hundred-problems/atcoder-market.cpp">
			<Option target="atcoder-market"/>
		</Unit>
		<Unit filename="/Users/katsukiniwa/playground/abc-practice/c++/one-hundred-problems/atcoder.cpp">
			<Option target="atcoder"/>
		</Unit>
		<Unit filename="/Users/katsukiniwa/playground/abc-practice/c++/one-hundred-problems/exhaustive-search.cpp">
			<Option target="exhaustive-search"/>
		</Unit>
		<Unit filename="/Users/katsukiniwa/playground/abc-practice/c++/one-hundred-problems/half-and-half.cpp">
			<Option target="half-and-half"/>
		</Unit>
		<Unit filename="/Users/katsukiniwa/playground/abc-practice/c++/one-hundred-problems/how-many-ways.cpp">
			<Option target="how-many-ways"/>
		</Unit>
		<Unit filename="/Users/katsukiniwa/playground/abc-practice/c++/one-hundred-problems/karaoke.cpp">
			<Option target="karaoke"/>
		</Unit>
		<Unit filename="/Users/katsukiniwa/playground/abc-practice/c++/one-hundred-problems/lucky-pin.cpp">
			<Option target="lucky-pin"/>
		</Unit>
		<Unit filename="/Users/katsukiniwa/playground/abc-practice/c++/one-hundred-problems/switches.cpp">
			<Option target="switches"/>
		</Unit>
		<Unit filename="/Users/katsukiniwa/playground/abc-practice/c++/related-problems/bitter-alchemy.cpp">
			<Option target="bitter-alchemy"/>
		</Unit>
		<Unit filename="/Users/katsukiniwa/playground/abc-practice/c++/related-problems/break-number.cpp">
			<Option target="break-number"/>
		</Unit>
		<Unit filename="/Users/katsukiniwa/playground/abc-practice/c++/related-problems/cakes-and-donuts.cpp">
			<Option target="cakes-and-donuts"/>
		</Unit>
		<Unit filename="/Users/katsukiniwa/playground/abc-practice/c++/related-problems/duplex-printing.cpp">
			<Option target="duplex-printing"/>
		</Unit>
		<Unit filename="/Users/katsukiniwa/playground/abc-practice/c++/related-problems/i18n.cpp">
			<Option target="i18n"/>
		</Unit>
		<Unit filename="/Users/katsukiniwa/playground/abc-practice/c++/related-problems/infinite-coins.cpp">
			<Option target="infinite-coins"/>
		</Unit>
		<Unit filename="/Users/katsukiniwa/playground/abc-practice/c++/related-problems/making-triangle.cpp">
			<Option target="making-triangle"/>
		</Unit>
		<Unit filename="/Users/katsukiniwa/playground/abc-practice/c++/related-problems/maximum-difference.cpp">
			<Option target="maximum-difference"/>
		</Unit>
		<Unit filename="/Users/katsukiniwa/playground/abc-practice/c++/related-problems/rgb-cards.cpp">
			<Option target="rgb-cards"/>
		</Unit>
		<Unit filename="/Users/katsukiniwa/playground/abc-practice/c++/related-problems/something-on-it.cpp">
			<Option target="something-on-it"/>
		</Unit>
		<Unit filename="/Users/katsukiniwa/playground/abc-practice/c++/related-problems/two-anagrams.cpp">
			<Option target="two-anagrams"/>
		</Unit>
		<Unit filename="/Users/katsukiniwa/playground/abc-practice/c++/CMakeLists.txt">
			<Option virtualFolder="CMake Files\"/>
		</Unit>
	</Project>
</CodeBlocks_project_file>
