<?xml version="1.0" encoding="UTF-8"?>
<CodeBlocks_project_file>
	<FileVersion major="1" minor="6"/>
	<Project>
		<Option title="c__"/>
		<Option makefile_is_custom="1"/>
		<Option compiler="gcc"/>
		<Option virtualFolders="CMake Files\;"/>
		<Build>
			<Target title="all">
				<Option working_dir="/Users/katsukiniwa/playground/abc-practice/c++"/>
				<Option type="4"/>
				<MakeCommands>
					<Build command="/usr/bin/make -j12 -f &quot;/Users/katsukiniwa/playground/abc-practice/c++/Makefile&quot;  VERBOSE=1 all"/>
					<CompileFile command="/usr/bin/make -j12 -f &quot;/Users/katsukiniwa/playground/abc-practice/c++/Makefile&quot;  VERBOSE=1 &quot;$file&quot;"/>
					<Clean command="/usr/bin/make -j12 -f &quot;/Users/katsukiniwa/playground/abc-practice/c++/Makefile&quot;  VERBOSE=1 clean"/>
					<DistClean command="/usr/bin/make -j12 -f &quot;/Users/katsukiniwa/playground/abc-practice/c++/Makefile&quot;  VERBOSE=1 clean"/>
				</MakeCommands>
			</Target>
			<Target title="fifth">
				<Option output="/Users/katsukiniwa/playground/abc-practice/c++/fifth" prefix_auto="0" extension_auto="0"/>
				<Option working_dir="/Users/katsukiniwa/playground/abc-practice/c++"/>
				<Option object_output="./"/>
				<Option type="1"/>
				<Option compiler="gcc"/>
				<Compiler>
					<Add directory="/Applications/Xcode.app/Contents/Developer/Toolchains/XcodeDefault.xctoolchain/usr/bin/../include/c++/v1"/>
					<Add directory="/usr/local/include"/>
					<Add directory="/Applications/Xcode.app/Contents/Developer/Toolchains/XcodeDefault.xctoolchain/usr/lib/clang/12.0.5/include"/>
					<Add directory="/Applications/Xcode.app/Contents/Developer/Toolchains/XcodeDefault.xctoolchain/usr/include"/>
					<Add directory="/System/Library/Frameworks"/>
					<Add directory="/Library/Frameworks"/>
				</Compiler>
				<MakeCommands>
					<Build command="/usr/bin/make -j12 -f &quot;/Users/katsukiniwa/playground/abc-practice/c++/Makefile&quot;  VERBOSE=1 fifth"/>
					<CompileFile command="/usr/bin/make -j12 -f &quot;/Users/katsukiniwa/playground/abc-practice/c++/Makefile&quot;  VERBOSE=1 &quot;$file&quot;"/>
					<Clean command="/usr/bin/make -j12 -f &quot;/Users/katsukiniwa/playground/abc-practice/c++/Makefile&quot;  VERBOSE=1 clean"/>
					<DistClean command="/usr/bin/make -j12 -f &quot;/Users/katsukiniwa/playground/abc-practice/c++/Makefile&quot;  VERBOSE=1 clean"/>
				</MakeCommands>
			</Target>
			<Target title="fifth/fast">
				<Option output="/Users/katsukiniwa/playground/abc-practice/c++/fifth" prefix_auto="0" extension_auto="0"/>
				<Option working_dir="/Users/katsukiniwa/playground/abc-practice/c++"/>
				<Option object_output="./"/>
				<Option type="1"/>
				<Option compiler="gcc"/>
				<Compiler>
					<Add directory="/Applications/Xcode.app/Contents/Developer/Toolchains/XcodeDefault.xctoolchain/usr/bin/../include/c++/v1"/>
					<Add directory="/usr/local/include"/>
					<Add directory="/Applications/Xcode.app/Contents/Developer/Toolchains/XcodeDefault.xctoolchain/usr/lib/clang/12.0.5/include"/>
					<Add directory="/Applications/Xcode.app/Contents/Developer/Toolchains/XcodeDefault.xctoolchain/usr/include"/>
					<Add directory="/System/Library/Frameworks"/>
					<Add directory="/Library/Frameworks"/>
				</Compiler>
				<MakeCommands>
					<Build command="/usr/bin/make -j12 -f &quot;/Users/katsukiniwa/playground/abc-practice/c++/Makefile&quot;  VERBOSE=1 fifth/fast"/>
					<CompileFile command="/usr/bin/make -j12 -f &quot;/Users/katsukiniwa/playground/abc-practice/c++/Makefile&quot;  VERBOSE=1 &quot;$file&quot;"/>
					<Clean command="/usr/bin/make -j12 -f &quot;/Users/katsukiniwa/playground/abc-practice/c++/Makefile&quot;  VERBOSE=1 clean"/>
					<DistClean command="/usr/bin/make -j12 -f &quot;/Users/katsukiniwa/playground/abc-practice/c++/Makefile&quot;  VERBOSE=1 clean"/>
				</MakeCommands>
			</Target>
			<Target title="c__">
				<Option output="/Users/katsukiniwa/playground/abc-practice/c++/c__" prefix_auto="0" extension_auto="0"/>
				<Option working_dir="/Users/katsukiniwa/playground/abc-practice/c++"/>
				<Option object_output="./"/>
				<Option type="1"/>
				<Option compiler="gcc"/>
				<Compiler>
					<Add directory="/Applications/Xcode.app/Contents/Developer/Toolchains/XcodeDefault.xctoolchain/usr/bin/../include/c++/v1"/>
					<Add directory="/usr/local/include"/>
					<Add directory="/Applications/Xcode.app/Contents/Developer/Toolchains/XcodeDefault.xctoolchain/usr/lib/clang/12.0.5/include"/>
					<Add directory="/Applications/Xcode.app/Contents/Developer/Toolchains/XcodeDefault.xctoolchain/usr/include"/>
					<Add directory="/System/Library/Frameworks"/>
					<Add directory="/Library/Frameworks"/>
				</Compiler>
				<MakeCommands>
					<Build command="/usr/bin/make -j12 -f &quot;/Users/katsukiniwa/playground/abc-practice/c++/Makefile&quot;  VERBOSE=1 c__"/>
					<CompileFile command="/usr/bin/make -j12 -f &quot;/Users/katsukiniwa/playground/abc-practice/c++/Makefile&quot;  VERBOSE=1 &quot;$file&quot;"/>
					<Clean command="/usr/bin/make -j12 -f &quot;/Users/katsukiniwa/playground/abc-practice/c++/Makefile&quot;  VERBOSE=1 clean"/>
					<DistClean command="/usr/bin/make -j12 -f &quot;/Users/katsukiniwa/playground/abc-practice/c++/Makefile&quot;  VERBOSE=1 clean"/>
				</MakeCommands>
			</Target>
			<Target title="c__/fast">
				<Option output="/Users/katsukiniwa/playground/abc-practice/c++/c__" prefix_auto="0" extension_auto="0"/>
				<Option working_dir="/Users/katsukiniwa/playground/abc-practice/c++"/>
				<Option object_output="./"/>
				<Option type="1"/>
				<Option compiler="gcc"/>
				<Compiler>
					<Add directory="/Applications/Xcode.app/Contents/Developer/Toolchains/XcodeDefault.xctoolchain/usr/bin/../include/c++/v1"/>
					<Add directory="/usr/local/include"/>
					<Add directory="/Applications/Xcode.app/Contents/Developer/Toolchains/XcodeDefault.xctoolchain/usr/lib/clang/12.0.5/include"/>
					<Add directory="/Applications/Xcode.app/Contents/Developer/Toolchains/XcodeDefault.xctoolchain/usr/include"/>
					<Add directory="/System/Library/Frameworks"/>
					<Add directory="/Library/Frameworks"/>
				</Compiler>
				<MakeCommands>
					<Build command="/usr/bin/make -j12 -f &quot;/Users/katsukiniwa/playground/abc-practice/c++/Makefile&quot;  VERBOSE=1 c__/fast"/>
					<CompileFile command="/usr/bin/make -j12 -f &quot;/Users/katsukiniwa/playground/abc-practice/c++/Makefile&quot;  VERBOSE=1 &quot;$file&quot;"/>
					<Clean command="/usr/bin/make -j12 -f &quot;/Users/katsukiniwa/playground/abc-practice/c++/Makefile&quot;  VERBOSE=1 clean"/>
					<DistClean command="/usr/bin/make -j12 -f &quot;/Users/katsukiniwa/playground/abc-practice/c++/Makefile&quot;  VERBOSE=1 clean"/>
				</MakeCommands>
			</Target>
			<Target title="forth">
				<Option output="/Users/katsukiniwa/playground/abc-practice/c++/forth" prefix_auto="0" extension_auto="0"/>
				<Option working_dir="/Users/katsukiniwa/playground/abc-practice/c++"/>
				<Option object_output="./"/>
				<Option type="1"/>
				<Option compiler="gcc"/>
				<Compiler>
					<Add directory="/Applications/Xcode.app/Contents/Developer/Toolchains/XcodeDefault.xctoolchain/usr/bin/../include/c++/v1"/>
					<Add directory="/usr/local/include"/>
					<Add directory="/Applications/Xcode.app/Contents/Developer/Toolchains/XcodeDefault.xctoolchain/usr/lib/clang/12.0.5/include"/>
					<Add directory="/Applications/Xcode.app/Contents/Developer/Toolchains/XcodeDefault.xctoolchain/usr/include"/>
					<Add directory="/System/Library/Frameworks"/>
					<Add directory="/Library/Frameworks"/>
				</Compiler>
				<MakeCommands>
					<Build command="/usr/bin/make -j12 -f &quot;/Users/katsukiniwa/playground/abc-practice/c++/Makefile&quot;  VERBOSE=1 forth"/>
					<CompileFile command="/usr/bin/make -j12 -f &quot;/Users/katsukiniwa/playground/abc-practice/c++/Makefile&quot;  VERBOSE=1 &quot;$file&quot;"/>
					<Clean command="/usr/bin/make -j12 -f &quot;/Users/katsukiniwa/playground/abc-practice/c++/Makefile&quot;  VERBOSE=1 clean"/>
					<DistClean command="/usr/bin/make -j12 -f &quot;/Users/katsukiniwa/playground/abc-practice/c++/Makefile&quot;  VERBOSE=1 clean"/>
				</MakeCommands>
			</Target>
			<Target title="forth/fast">
				<Option output="/Users/katsukiniwa/playground/abc-practice/c++/forth" prefix_auto="0" extension_auto="0"/>
				<Option working_dir="/Users/katsukiniwa/playground/abc-practice/c++"/>
				<Option object_output="./"/>
				<Option type="1"/>
				<Option compiler="gcc"/>
				<Compiler>
					<Add directory="/Applications/Xcode.app/Contents/Developer/Toolchains/XcodeDefault.xctoolchain/usr/bin/../include/c++/v1"/>
					<Add directory="/usr/local/include"/>
					<Add directory="/Applications/Xcode.app/Contents/Developer/Toolchains/XcodeDefault.xctoolchain/usr/lib/clang/12.0.5/include"/>
					<Add directory="/Applications/Xcode.app/Contents/Developer/Toolchains/XcodeDefault.xctoolchain/usr/include"/>
					<Add directory="/System/Library/Frameworks"/>
					<Add directory="/Library/Frameworks"/>
				</Compiler>
				<MakeCommands>
					<Build command="/usr/bin/make -j12 -f &quot;/Users/katsukiniwa/playground/abc-practice/c++/Makefile&quot;  VERBOSE=1 forth/fast"/>
					<CompileFile command="/usr/bin/make -j12 -f &quot;/Users/katsukiniwa/playground/abc-practice/c++/Makefile&quot;  VERBOSE=1 &quot;$file&quot;"/>
					<Clean command="/usr/bin/make -j12 -f &quot;/Users/katsukiniwa/playground/abc-practice/c++/Makefile&quot;  VERBOSE=1 clean"/>
					<DistClean command="/usr/bin/make -j12 -f &quot;/Users/katsukiniwa/playground/abc-practice/c++/Makefile&quot;  VERBOSE=1 clean"/>
				</MakeCommands>
			</Target>
			<Target title="third">
				<Option output="/Users/katsukiniwa/playground/abc-practice/c++/third" prefix_auto="0" extension_auto="0"/>
				<Option working_dir="/Users/katsukiniwa/playground/abc-practice/c++"/>
				<Option object_output="./"/>
				<Option type="1"/>
				<Option compiler="gcc"/>
				<Compiler>
					<Add directory="/Applications/Xcode.app/Contents/Developer/Toolchains/XcodeDefault.xctoolchain/usr/bin/../include/c++/v1"/>
					<Add directory="/usr/local/include"/>
					<Add directory="/Applications/Xcode.app/Contents/Developer/Toolchains/XcodeDefault.xctoolchain/usr/lib/clang/12.0.5/include"/>
					<Add directory="/Applications/Xcode.app/Contents/Developer/Toolchains/XcodeDefault.xctoolchain/usr/include"/>
					<Add directory="/System/Library/Frameworks"/>
					<Add directory="/Library/Frameworks"/>
				</Compiler>
				<MakeCommands>
					<Build command="/usr/bin/make -j12 -f &quot;/Users/katsukiniwa/playground/abc-practice/c++/Makefile&quot;  VERBOSE=1 third"/>
					<CompileFile command="/usr/bin/make -j12 -f &quot;/Users/katsukiniwa/playground/abc-practice/c++/Makefile&quot;  VERBOSE=1 &quot;$file&quot;"/>
					<Clean command="/usr/bin/make -j12 -f &quot;/Users/katsukiniwa/playground/abc-practice/c++/Makefile&quot;  VERBOSE=1 clean"/>
					<DistClean command="/usr/bin/make -j12 -f &quot;/Users/katsukiniwa/playground/abc-practice/c++/Makefile&quot;  VERBOSE=1 clean"/>
				</MakeCommands>
			</Target>
			<Target title="third/fast">
				<Option output="/Users/katsukiniwa/playground/abc-practice/c++/third" prefix_auto="0" extension_auto="0"/>
				<Option working_dir="/Users/katsukiniwa/playground/abc-practice/c++"/>
				<Option object_output="./"/>
				<Option type="1"/>
				<Option compiler="gcc"/>
				<Compiler>
					<Add directory="/Applications/Xcode.app/Contents/Developer/Toolchains/XcodeDefault.xctoolchain/usr/bin/../include/c++/v1"/>
					<Add directory="/usr/local/include"/>
					<Add directory="/Applications/Xcode.app/Contents/Developer/Toolchains/XcodeDefault.xctoolchain/usr/lib/clang/12.0.5/include"/>
					<Add directory="/Applications/Xcode.app/Contents/Developer/Toolchains/XcodeDefault.xctoolchain/usr/include"/>
					<Add directory="/System/Library/Frameworks"/>
					<Add directory="/Library/Frameworks"/>
				</Compiler>
				<MakeCommands>
					<Build command="/usr/bin/make -j12 -f &quot;/Users/katsukiniwa/playground/abc-practice/c++/Makefile&quot;  VERBOSE=1 third/fast"/>
					<CompileFile command="/usr/bin/make -j12 -f &quot;/Users/katsukiniwa/playground/abc-practice/c++/Makefile&quot;  VERBOSE=1 &quot;$file&quot;"/>
					<Clean command="/usr/bin/make -j12 -f &quot;/Users/katsukiniwa/playground/abc-practice/c++/Makefile&quot;  VERBOSE=1 clean"/>
					<DistClean command="/usr/bin/make -j12 -f &quot;/Users/katsukiniwa/playground/abc-practice/c++/Makefile&quot;  VERBOSE=1 clean"/>
				</MakeCommands>
			</Target>
			<Target title="rebuild_cache">
				<Option working_dir="/Users/katsukiniwa/playground/abc-practice/c++"/>
				<Option type="4"/>
				<MakeCommands>
					<Build command="/usr/bin/make -j12 -f &quot;/Users/katsukiniwa/playground/abc-practice/c++/Makefile&quot;  VERBOSE=1 rebuild_cache"/>
					<CompileFile command="/usr/bin/make -j12 -f &quot;/Users/katsukiniwa/playground/abc-practice/c++/Makefile&quot;  VERBOSE=1 &quot;$file&quot;"/>
					<Clean command="/usr/bin/make -j12 -f &quot;/Users/katsukiniwa/playground/abc-practice/c++/Makefile&quot;  VERBOSE=1 clean"/>
					<DistClean command="/usr/bin/make -j12 -f &quot;/Users/katsukiniwa/playground/abc-practice/c++/Makefile&quot;  VERBOSE=1 clean"/>
				</MakeCommands>
			</Target>
			<Target title="second">
				<Option output="/Users/katsukiniwa/playground/abc-practice/c++/second" prefix_auto="0" extension_auto="0"/>
				<Option working_dir="/Users/katsukiniwa/playground/abc-practice/c++"/>
				<Option object_output="./"/>
				<Option type="1"/>
				<Option compiler="gcc"/>
				<Compiler>
					<Add directory="/Applications/Xcode.app/Contents/Developer/Toolchains/XcodeDefault.xctoolchain/usr/bin/../include/c++/v1"/>
					<Add directory="/usr/local/include"/>
					<Add directory="/Applications/Xcode.app/Contents/Developer/Toolchains/XcodeDefault.xctoolchain/usr/lib/clang/12.0.5/include"/>
					<Add directory="/Applications/Xcode.app/Contents/Developer/Toolchains/XcodeDefault.xctoolchain/usr/include"/>
					<Add directory="/System/Library/Frameworks"/>
					<Add directory="/Library/Frameworks"/>
				</Compiler>
				<MakeCommands>
					<Build command="/usr/bin/make -j12 -f &quot;/Users/katsukiniwa/playground/abc-practice/c++/Makefile&quot;  VERBOSE=1 second"/>
					<CompileFile command="/usr/bin/make -j12 -f &quot;/Users/katsukiniwa/playground/abc-practice/c++/Makefile&quot;  VERBOSE=1 &quot;$file&quot;"/>
					<Clean command="/usr/bin/make -j12 -f &quot;/Users/katsukiniwa/playground/abc-practice/c++/Makefile&quot;  VERBOSE=1 clean"/>
					<DistClean command="/usr/bin/make -j12 -f &quot;/Users/katsukiniwa/playground/abc-practice/c++/Makefile&quot;  VERBOSE=1 clean"/>
				</MakeCommands>
			</Target>
			<Target title="second/fast">
				<Option output="/Users/katsukiniwa/playground/abc-practice/c++/second" prefix_auto="0" extension_auto="0"/>
				<Option working_dir="/Users/katsukiniwa/playground/abc-practice/c++"/>
				<Option object_output="./"/>
				<Option type="1"/>
				<Option compiler="gcc"/>
				<Compiler>
					<Add directory="/Applications/Xcode.app/Contents/Developer/Toolchains/XcodeDefault.xctoolchain/usr/bin/../include/c++/v1"/>
					<Add directory="/usr/local/include"/>
					<Add directory="/Applications/Xcode.app/Contents/Developer/Toolchains/XcodeDefault.xctoolchain/usr/lib/clang/12.0.5/include"/>
					<Add directory="/Applications/Xcode.app/Contents/Developer/Toolchains/XcodeDefault.xctoolchain/usr/include"/>
					<Add directory="/System/Library/Frameworks"/>
					<Add directory="/Library/Frameworks"/>
				</Compiler>
				<MakeCommands>
					<Build command="/usr/bin/make -j12 -f &quot;/Users/katsukiniwa/playground/abc-practice/c++/Makefile&quot;  VERBOSE=1 second/fast"/>
					<CompileFile command="/usr/bin/make -j12 -f &quot;/Users/katsukiniwa/playground/abc-practice/c++/Makefile&quot;  VERBOSE=1 &quot;$file&quot;"/>
					<Clean command="/usr/bin/make -j12 -f &quot;/Users/katsukiniwa/playground/abc-practice/c++/Makefile&quot;  VERBOSE=1 clean"/>
					<DistClean command="/usr/bin/make -j12 -f &quot;/Users/katsukiniwa/playground/abc-practice/c++/Makefile&quot;  VERBOSE=1 clean"/>
				</MakeCommands>
			</Target>
			<Target title="edit_cache">
				<Option working_dir="/Users/katsukiniwa/playground/abc-practice/c++"/>
				<Option type="4"/>
				<MakeCommands>
					<Build command="/usr/bin/make -j12 -f &quot;/Users/katsukiniwa/playground/abc-practice/c++/Makefile&quot;  VERBOSE=1 edit_cache"/>
					<CompileFile command="/usr/bin/make -j12 -f &quot;/Users/katsukiniwa/playground/abc-practice/c++/Makefile&quot;  VERBOSE=1 &quot;$file&quot;"/>
					<Clean command="/usr/bin/make -j12 -f &quot;/Users/katsukiniwa/playground/abc-practice/c++/Makefile&quot;  VERBOSE=1 clean"/>
					<DistClean command="/usr/bin/make -j12 -f &quot;/Users/katsukiniwa/playground/abc-practice/c++/Makefile&quot;  VERBOSE=1 clean"/>
				</MakeCommands>
			</Target>
			<Target title="first">
				<Option output="/Users/katsukiniwa/playground/abc-practice/c++/first" prefix_auto="0" extension_auto="0"/>
				<Option working_dir="/Users/katsukiniwa/playground/abc-practice/c++"/>
				<Option object_output="./"/>
				<Option type="1"/>
				<Option compiler="gcc"/>
				<Compiler>
					<Add directory="/Applications/Xcode.app/Contents/Developer/Toolchains/XcodeDefault.xctoolchain/usr/bin/../include/c++/v1"/>
					<Add directory="/usr/local/include"/>
					<Add directory="/Applications/Xcode.app/Contents/Developer/Toolchains/XcodeDefault.xctoolchain/usr/lib/clang/12.0.5/include"/>
					<Add directory="/Applications/Xcode.app/Contents/Developer/Toolchains/XcodeDefault.xctoolchain/usr/include"/>
					<Add directory="/System/Library/Frameworks"/>
					<Add directory="/Library/Frameworks"/>
				</Compiler>
				<MakeCommands>
					<Build command="/usr/bin/make -j12 -f &quot;/Users/katsukiniwa/playground/abc-practice/c++/Makefile&quot;  VERBOSE=1 first"/>
					<CompileFile command="/usr/bin/make -j12 -f &quot;/Users/katsukiniwa/playground/abc-practice/c++/Makefile&quot;  VERBOSE=1 &quot;$file&quot;"/>
					<Clean command="/usr/bin/make -j12 -f &quot;/Users/katsukiniwa/playground/abc-practice/c++/Makefile&quot;  VERBOSE=1 clean"/>
					<DistClean command="/usr/bin/make -j12 -f &quot;/Users/katsukiniwa/playground/abc-practice/c++/Makefile&quot;  VERBOSE=1 clean"/>
				</MakeCommands>
			</Target>
			<Target title="first/fast">
				<Option output="/Users/katsukiniwa/playground/abc-practice/c++/first" prefix_auto="0" extension_auto="0"/>
				<Option working_dir="/Users/katsukiniwa/playground/abc-practice/c++"/>
				<Option object_output="./"/>
				<Option type="1"/>
				<Option compiler="gcc"/>
				<Compiler>
					<Add directory="/Applications/Xcode.app/Contents/Developer/Toolchains/XcodeDefault.xctoolchain/usr/bin/../include/c++/v1"/>
					<Add directory="/usr/local/include"/>
					<Add directory="/Applications/Xcode.app/Contents/Developer/Toolchains/XcodeDefault.xctoolchain/usr/lib/clang/12.0.5/include"/>
					<Add directory="/Applications/Xcode.app/Contents/Developer/Toolchains/XcodeDefault.xctoolchain/usr/include"/>
					<Add directory="/System/Library/Frameworks"/>
					<Add directory="/Library/Frameworks"/>
				</Compiler>
				<MakeCommands>
					<Build command="/usr/bin/make -j12 -f &quot;/Users/katsukiniwa/playground/abc-practice/c++/Makefile&quot;  VERBOSE=1 first/fast"/>
					<CompileFile command="/usr/bin/make -j12 -f &quot;/Users/katsukiniwa/playground/abc-practice/c++/Makefile&quot;  VERBOSE=1 &quot;$file&quot;"/>
					<Clean command="/usr/bin/make -j12 -f &quot;/Users/katsukiniwa/playground/abc-practice/c++/Makefile&quot;  VERBOSE=1 clean"/>
					<DistClean command="/usr/bin/make -j12 -f &quot;/Users/katsukiniwa/playground/abc-practice/c++/Makefile&quot;  VERBOSE=1 clean"/>
				</MakeCommands>
			</Target>
		</Build>
		<Unit filename="/Users/katsukiniwa/playground/abc-practice/c++/first-ten-problems/fifth.cpp">
			<Option target="fifth"/>
		</Unit>
		<Unit filename="/Users/katsukiniwa/playground/abc-practice/c++/first-ten-problems/first.cpp">
			<Option target="first"/>
		</Unit>
		<Unit filename="/Users/katsukiniwa/playground/abc-practice/c++/first-ten-problems/forth.cpp">
			<Option target="forth"/>
		</Unit>
		<Unit filename="/Users/katsukiniwa/playground/abc-practice/c++/first-ten-problems/second.cpp">
			<Option target="second"/>
		</Unit>
		<Unit filename="/Users/katsukiniwa/playground/abc-practice/c++/first-ten-problems/third.cpp">
			<Option target="third"/>
		</Unit>
		<Unit filename="/Users/katsukiniwa/playground/abc-practice/c++/main.cpp">
			<Option target="c__"/>
		</Unit>
		<Unit filename="/Users/katsukiniwa/playground/abc-practice/c++/CMakeLists.txt">
			<Option virtualFolder="CMake Files\"/>
		</Unit>
	</Project>
</CodeBlocks_project_file>
